// !$*UTF8*$!
{
	archiveVersion = 1;
	classes = {
	};
	objectVersion = 56;
	objects = {

/* Begin PBXBuildFile section */
		B031A1BC2991F64400C51B5A /* Letters for Learners Outline Light.ttf in Resources */ = {isa = PBXBuildFile; fileRef = B031A1BA2991F64400C51B5A /* Letters for Learners Outline Light.ttf */; };
		B031A1BD2991F64400C51B5A /* Letters for Learners Outline Bold.ttf in Resources */ = {isa = PBXBuildFile; fileRef = B031A1BB2991F64400C51B5A /* Letters for Learners Outline Bold.ttf */; };
		B031A1BF2991F73800C51B5A /* Letters for Learners.ttf in Resources */ = {isa = PBXBuildFile; fileRef = B031A1BE2991F73800C51B5A /* Letters for Learners.ttf */; };
		B07391572993601000903C1F /* FirebaseService.swift in Sources */ = {isa = PBXBuildFile; fileRef = B07391562993601000903C1F /* FirebaseService.swift */; };
		B07391592993634B00903C1F /* User.swift in Sources */ = {isa = PBXBuildFile; fileRef = B07391582993634B00903C1F /* User.swift */; };
		B076C6CA299CACBD00EFDA7F /* UserProfile.swift in Sources */ = {isa = PBXBuildFile; fileRef = B076C6C9299CACBD00EFDA7F /* UserProfile.swift */; };
		B076C6CD299CC1CF00EFDA7F /* HomeViewModel.swift in Sources */ = {isa = PBXBuildFile; fileRef = B076C6CC299CC1CF00EFDA7F /* HomeViewModel.swift */; };
		B09DC7842990DBF2008558EA /* AppDelegate.swift in Sources */ = {isa = PBXBuildFile; fileRef = B09DC7832990DBF2008558EA /* AppDelegate.swift */; };
		B09DC7862990DBF2008558EA /* SceneDelegate.swift in Sources */ = {isa = PBXBuildFile; fileRef = B09DC7852990DBF2008558EA /* SceneDelegate.swift */; };
		B09DC78D2990DBF6008558EA /* Assets.xcassets in Resources */ = {isa = PBXBuildFile; fileRef = B09DC78C2990DBF6008558EA /* Assets.xcassets */; };
		B09DC7902990DBF6008558EA /* LaunchScreen.storyboard in Resources */ = {isa = PBXBuildFile; fileRef = B09DC78E2990DBF6008558EA /* LaunchScreen.storyboard */; };
		B09DC7992990DD7D008558EA /* AppCoordinator.swift in Sources */ = {isa = PBXBuildFile; fileRef = B09DC7982990DD7D008558EA /* AppCoordinator.swift */; };
		B09DC79B2990DEA2008558EA /* MainCoordinator.swift in Sources */ = {isa = PBXBuildFile; fileRef = B09DC79A2990DEA2008558EA /* MainCoordinator.swift */; };
		B09DC7A02990E214008558EA /* MainViewController.swift in Sources */ = {isa = PBXBuildFile; fileRef = B09DC79F2990E214008558EA /* MainViewController.swift */; };
		B09DC7A22990E21A008558EA /* LoginViewController.swift in Sources */ = {isa = PBXBuildFile; fileRef = B09DC7A12990E21A008558EA /* LoginViewController.swift */; };
		B09DC7A42990E29F008558EA /* LoginCoordinator.swift in Sources */ = {isa = PBXBuildFile; fileRef = B09DC7A32990E29F008558EA /* LoginCoordinator.swift */; };
		B09DC7A72990E9DD008558EA /* Lemon Days.ttf in Resources */ = {isa = PBXBuildFile; fileRef = B09DC7A62990E9DD008558EA /* Lemon Days.ttf */; };
		B09DC7AA2990EC50008558EA /* UITextField.swift in Sources */ = {isa = PBXBuildFile; fileRef = B09DC7A92990EC50008558EA /* UITextField.swift */; };
		B09DC7AC2990F3E6008558EA /* RegisterViewController.swift in Sources */ = {isa = PBXBuildFile; fileRef = B09DC7AB2990F3E6008558EA /* RegisterViewController.swift */; };
		B09DC7AE2990FFAF008558EA /* CALayer.swift in Sources */ = {isa = PBXBuildFile; fileRef = B09DC7AD2990FFAF008558EA /* CALayer.swift */; };
		B09DC7B129910D93008558EA /* CustomTextField.swift in Sources */ = {isa = PBXBuildFile; fileRef = B09DC7B029910D93008558EA /* CustomTextField.swift */; };
		B0C273B8299B6B92005B3AAD /* HomeViewController.swift in Sources */ = {isa = PBXBuildFile; fileRef = B0C273B7299B6B92005B3AAD /* HomeViewController.swift */; };
		B0C273BA299B6BAC005B3AAD /* FavoriteListViewController.swift in Sources */ = {isa = PBXBuildFile; fileRef = B0C273B9299B6BAC005B3AAD /* FavoriteListViewController.swift */; };
		B0C273BC299B6BB5005B3AAD /* MessagesViewController.swift in Sources */ = {isa = PBXBuildFile; fileRef = B0C273BB299B6BB5005B3AAD /* MessagesViewController.swift */; };
		B0C273BE299B6BC2005B3AAD /* InfoViewController.swift in Sources */ = {isa = PBXBuildFile; fileRef = B0C273BD299B6BC2005B3AAD /* InfoViewController.swift */; };
		B0C273C0299B6BCB005B3AAD /* AlarmViewController.swift in Sources */ = {isa = PBXBuildFile; fileRef = B0C273BF299B6BCB005B3AAD /* AlarmViewController.swift */; };
		B0C56F2A29921413004E83B8 /* GoogleService-Info.plist in Resources */ = {isa = PBXBuildFile; fileRef = B0C56F2929921412004E83B8 /* GoogleService-Info.plist */; };
		B0C56F2D2992208C004E83B8 /* DatabaseManager.swift in Sources */ = {isa = PBXBuildFile; fileRef = B0C56F2C2992208C004E83B8 /* DatabaseManager.swift */; };
		B0C56F2F29922094004E83B8 /* StorageManager.swift in Sources */ = {isa = PBXBuildFile; fileRef = B0C56F2E29922094004E83B8 /* StorageManager.swift */; };
		B0C56F3129922322004E83B8 /* RegisterViewModel.swift in Sources */ = {isa = PBXBuildFile; fileRef = B0C56F3029922321004E83B8 /* RegisterViewModel.swift */; };
		B0C56F332992232D004E83B8 /* LoginViewModel.swift in Sources */ = {isa = PBXBuildFile; fileRef = B0C56F322992232D004E83B8 /* LoginViewModel.swift */; };
		B0C56F3629922D26004E83B8 /* EmailConfirmViewController.swift in Sources */ = {isa = PBXBuildFile; fileRef = B0C56F3529922D26004E83B8 /* EmailConfirmViewController.swift */; };
		B0C56F3829924443004E83B8 /* String.swift in Sources */ = {isa = PBXBuildFile; fileRef = B0C56F3729924443004E83B8 /* String.swift */; };
		B0C56F3A299244D4004E83B8 /* EmailConfirmViewModel.swift in Sources */ = {isa = PBXBuildFile; fileRef = B0C56F39299244D4004E83B8 /* EmailConfirmViewModel.swift */; };
		DE1D946785BD77890688D2B7 /* Pods_WalkFriends.framework in Frameworks */ = {isa = PBXBuildFile; fileRef = B69A27509896D10B1710869E /* Pods_WalkFriends.framework */; };
/* End PBXBuildFile section */

/* Begin PBXFileReference section */
		40B8E93FFDC9EEFF8BC55A5E /* Pods-WalkFriends.release.xcconfig */ = {isa = PBXFileReference; includeInIndex = 1; lastKnownFileType = text.xcconfig; name = "Pods-WalkFriends.release.xcconfig"; path = "Target Support Files/Pods-WalkFriends/Pods-WalkFriends.release.xcconfig"; sourceTree = "<group>"; };
		B031A1BA2991F64400C51B5A /* Letters for Learners Outline Light.ttf */ = {isa = PBXFileReference; lastKnownFileType = file; path = "Letters for Learners Outline Light.ttf"; sourceTree = "<group>"; };
		B031A1BB2991F64400C51B5A /* Letters for Learners Outline Bold.ttf */ = {isa = PBXFileReference; lastKnownFileType = file; path = "Letters for Learners Outline Bold.ttf"; sourceTree = "<group>"; };
		B031A1BE2991F73800C51B5A /* Letters for Learners.ttf */ = {isa = PBXFileReference; lastKnownFileType = file; path = "Letters for Learners.ttf"; sourceTree = "<group>"; };
		B07391562993601000903C1F /* FirebaseService.swift */ = {isa = PBXFileReference; lastKnownFileType = sourcecode.swift; path = FirebaseService.swift; sourceTree = "<group>"; };
		B07391582993634B00903C1F /* User.swift */ = {isa = PBXFileReference; lastKnownFileType = sourcecode.swift; path = User.swift; sourceTree = "<group>"; };
		B076C6C9299CACBD00EFDA7F /* UserProfile.swift */ = {isa = PBXFileReference; lastKnownFileType = sourcecode.swift; path = UserProfile.swift; sourceTree = "<group>"; };
		B076C6CC299CC1CF00EFDA7F /* HomeViewModel.swift */ = {isa = PBXFileReference; lastKnownFileType = sourcecode.swift; path = HomeViewModel.swift; sourceTree = "<group>"; };
		B09DC7802990DBF2008558EA /* WalkFriends.app */ = {isa = PBXFileReference; explicitFileType = wrapper.application; includeInIndex = 0; path = WalkFriends.app; sourceTree = BUILT_PRODUCTS_DIR; };
		B09DC7832990DBF2008558EA /* AppDelegate.swift */ = {isa = PBXFileReference; lastKnownFileType = sourcecode.swift; path = AppDelegate.swift; sourceTree = "<group>"; };
		B09DC7852990DBF2008558EA /* SceneDelegate.swift */ = {isa = PBXFileReference; lastKnownFileType = sourcecode.swift; path = SceneDelegate.swift; sourceTree = "<group>"; };
		B09DC78C2990DBF6008558EA /* Assets.xcassets */ = {isa = PBXFileReference; lastKnownFileType = folder.assetcatalog; path = Assets.xcassets; sourceTree = "<group>"; };
		B09DC78F2990DBF6008558EA /* Base */ = {isa = PBXFileReference; lastKnownFileType = file.storyboard; name = Base; path = Base.lproj/LaunchScreen.storyboard; sourceTree = "<group>"; };
		B09DC7912990DBF6008558EA /* Info.plist */ = {isa = PBXFileReference; lastKnownFileType = text.plist.xml; path = Info.plist; sourceTree = "<group>"; };
		B09DC7982990DD7D008558EA /* AppCoordinator.swift */ = {isa = PBXFileReference; lastKnownFileType = sourcecode.swift; path = AppCoordinator.swift; sourceTree = "<group>"; };
		B09DC79A2990DEA2008558EA /* MainCoordinator.swift */ = {isa = PBXFileReference; lastKnownFileType = sourcecode.swift; path = MainCoordinator.swift; sourceTree = "<group>"; };
		B09DC79F2990E214008558EA /* MainViewController.swift */ = {isa = PBXFileReference; lastKnownFileType = sourcecode.swift; path = MainViewController.swift; sourceTree = "<group>"; };
		B09DC7A12990E21A008558EA /* LoginViewController.swift */ = {isa = PBXFileReference; lastKnownFileType = sourcecode.swift; path = LoginViewController.swift; sourceTree = "<group>"; };
		B09DC7A32990E29F008558EA /* LoginCoordinator.swift */ = {isa = PBXFileReference; lastKnownFileType = sourcecode.swift; path = LoginCoordinator.swift; sourceTree = "<group>"; };
		B09DC7A62990E9DD008558EA /* Lemon Days.ttf */ = {isa = PBXFileReference; lastKnownFileType = file; path = "Lemon Days.ttf"; sourceTree = "<group>"; };
		B09DC7A92990EC50008558EA /* UITextField.swift */ = {isa = PBXFileReference; lastKnownFileType = sourcecode.swift; path = UITextField.swift; sourceTree = "<group>"; };
		B09DC7AB2990F3E6008558EA /* RegisterViewController.swift */ = {isa = PBXFileReference; lastKnownFileType = sourcecode.swift; path = RegisterViewController.swift; sourceTree = "<group>"; };
		B09DC7AD2990FFAF008558EA /* CALayer.swift */ = {isa = PBXFileReference; lastKnownFileType = sourcecode.swift; path = CALayer.swift; sourceTree = "<group>"; };
		B09DC7B029910D93008558EA /* CustomTextField.swift */ = {isa = PBXFileReference; lastKnownFileType = sourcecode.swift; path = CustomTextField.swift; sourceTree = "<group>"; };
		B0C273B7299B6B92005B3AAD /* HomeViewController.swift */ = {isa = PBXFileReference; lastKnownFileType = sourcecode.swift; path = HomeViewController.swift; sourceTree = "<group>"; };
		B0C273B9299B6BAC005B3AAD /* FavoriteListViewController.swift */ = {isa = PBXFileReference; lastKnownFileType = sourcecode.swift; path = FavoriteListViewController.swift; sourceTree = "<group>"; };
		B0C273BB299B6BB5005B3AAD /* MessagesViewController.swift */ = {isa = PBXFileReference; lastKnownFileType = sourcecode.swift; path = MessagesViewController.swift; sourceTree = "<group>"; };
		B0C273BD299B6BC2005B3AAD /* InfoViewController.swift */ = {isa = PBXFileReference; lastKnownFileType = sourcecode.swift; path = InfoViewController.swift; sourceTree = "<group>"; };
		B0C273BF299B6BCB005B3AAD /* AlarmViewController.swift */ = {isa = PBXFileReference; lastKnownFileType = sourcecode.swift; path = AlarmViewController.swift; sourceTree = "<group>"; };
		B0C56F2929921412004E83B8 /* GoogleService-Info.plist */ = {isa = PBXFileReference; fileEncoding = 4; lastKnownFileType = text.plist.xml; path = "GoogleService-Info.plist"; sourceTree = "<group>"; };
		B0C56F2C2992208C004E83B8 /* DatabaseManager.swift */ = {isa = PBXFileReference; lastKnownFileType = sourcecode.swift; path = DatabaseManager.swift; sourceTree = "<group>"; };
		B0C56F2E29922094004E83B8 /* StorageManager.swift */ = {isa = PBXFileReference; lastKnownFileType = sourcecode.swift; path = StorageManager.swift; sourceTree = "<group>"; };
		B0C56F3029922321004E83B8 /* RegisterViewModel.swift */ = {isa = PBXFileReference; lastKnownFileType = sourcecode.swift; path = RegisterViewModel.swift; sourceTree = "<group>"; };
		B0C56F322992232D004E83B8 /* LoginViewModel.swift */ = {isa = PBXFileReference; lastKnownFileType = sourcecode.swift; path = LoginViewModel.swift; sourceTree = "<group>"; };
		B0C56F3529922D26004E83B8 /* EmailConfirmViewController.swift */ = {isa = PBXFileReference; lastKnownFileType = sourcecode.swift; path = EmailConfirmViewController.swift; sourceTree = "<group>"; };
		B0C56F3729924443004E83B8 /* String.swift */ = {isa = PBXFileReference; lastKnownFileType = sourcecode.swift; path = String.swift; sourceTree = "<group>"; };
		B0C56F39299244D4004E83B8 /* EmailConfirmViewModel.swift */ = {isa = PBXFileReference; lastKnownFileType = sourcecode.swift; path = EmailConfirmViewModel.swift; sourceTree = "<group>"; };
		B69A27509896D10B1710869E /* Pods_WalkFriends.framework */ = {isa = PBXFileReference; explicitFileType = wrapper.framework; includeInIndex = 0; path = Pods_WalkFriends.framework; sourceTree = BUILT_PRODUCTS_DIR; };
		D4B9BED1A6433E210673E4C4 /* Pods-WalkFriends.debug.xcconfig */ = {isa = PBXFileReference; includeInIndex = 1; lastKnownFileType = text.xcconfig; name = "Pods-WalkFriends.debug.xcconfig"; path = "Target Support Files/Pods-WalkFriends/Pods-WalkFriends.debug.xcconfig"; sourceTree = "<group>"; };
/* End PBXFileReference section */

/* Begin PBXFrameworksBuildPhase section */
		B09DC77D2990DBF2008558EA /* Frameworks */ = {
			isa = PBXFrameworksBuildPhase;
			buildActionMask = 2147483647;
			files = (
				DE1D946785BD77890688D2B7 /* Pods_WalkFriends.framework in Frameworks */,
			);
			runOnlyForDeploymentPostprocessing = 0;
		};
/* End PBXFrameworksBuildPhase section */

/* Begin PBXGroup section */
		1FCD9CE7A48E710C4C5DAF02 /* Frameworks */ = {
			isa = PBXGroup;
			children = (
				B69A27509896D10B1710869E /* Pods_WalkFriends.framework */,
			);
			name = Frameworks;
			sourceTree = "<group>";
		};
		B076C6CB299CC1C400EFDA7F /* Main */ = {
			isa = PBXGroup;
			children = (
				B076C6CC299CC1CF00EFDA7F /* HomeViewModel.swift */,
			);
			path = Main;
			sourceTree = "<group>";
		};
		B09DC7772990DBF2008558EA = {
			isa = PBXGroup;
			children = (
				B09DC7822990DBF2008558EA /* WalkFriends */,
				B09DC7812990DBF2008558EA /* Products */,
				DFC1E7CBCB9E9E23A859086E /* Pods */,
				1FCD9CE7A48E710C4C5DAF02 /* Frameworks */,
			);
			sourceTree = "<group>";
		};
		B09DC7812990DBF2008558EA /* Products */ = {
			isa = PBXGroup;
			children = (
				B09DC7802990DBF2008558EA /* WalkFriends.app */,
			);
			name = Products;
			sourceTree = "<group>";
		};
		B09DC7822990DBF2008558EA /* WalkFriends */ = {
			isa = PBXGroup;
			children = (
				B0C56F2B29922079004E83B8 /* Services */,
				B0C56F2929921412004E83B8 /* GoogleService-Info.plist */,
				B09DC7AF29910D71008558EA /* Class */,
				B09DC7A82990EC46008558EA /* Extensions */,
				B09DC7972990DC95008558EA /* Coordinator */,
				B09DC79D2990DEF4008558EA /* Models */,
				B09DC79C2990DEE3008558EA /* ViewModels */,
				B09DC79E2990DEFB008558EA /* Controllers */,
				B09DC7832990DBF2008558EA /* AppDelegate.swift */,
				B09DC7852990DBF2008558EA /* SceneDelegate.swift */,
				B09DC78C2990DBF6008558EA /* Assets.xcassets */,
				B09DC78E2990DBF6008558EA /* LaunchScreen.storyboard */,
				B09DC7912990DBF6008558EA /* Info.plist */,
				B09DC7A52990E9D1008558EA /* Fonts */,
			);
			path = WalkFriends;
			sourceTree = "<group>";
		};
		B09DC7972990DC95008558EA /* Coordinator */ = {
			isa = PBXGroup;
			children = (
				B09DC7982990DD7D008558EA /* AppCoordinator.swift */,
				B09DC79A2990DEA2008558EA /* MainCoordinator.swift */,
				B09DC7A32990E29F008558EA /* LoginCoordinator.swift */,
			);
			path = Coordinator;
			sourceTree = "<group>";
		};
		B09DC79C2990DEE3008558EA /* ViewModels */ = {
			isa = PBXGroup;
			children = (
				B0C56F322992232D004E83B8 /* LoginViewModel.swift */,
				B0C56F3029922321004E83B8 /* RegisterViewModel.swift */,
				B0C56F39299244D4004E83B8 /* EmailConfirmViewModel.swift */,
				B076C6CB299CC1C400EFDA7F /* Main */,
			);
			path = ViewModels;
			sourceTree = "<group>";
		};
		B09DC79D2990DEF4008558EA /* Models */ = {
			isa = PBXGroup;
			children = (
				B07391582993634B00903C1F /* User.swift */,
				B076C6C9299CACBD00EFDA7F /* UserProfile.swift */,
			);
			path = Models;
			sourceTree = "<group>";
		};
		B09DC79E2990DEFB008558EA /* Controllers */ = {
			isa = PBXGroup;
			children = (
				B09DC7A12990E21A008558EA /* LoginViewController.swift */,
				B09DC7AB2990F3E6008558EA /* RegisterViewController.swift */,
				B0C56F3429922CCD004E83B8 /* Popup */,
				B09DC79F2990E214008558EA /* MainViewController.swift */,
				B0C273B6299B6B7C005B3AAD /* TabViewControllers */,
			);
			path = Controllers;
			sourceTree = "<group>";
		};
		B09DC7A52990E9D1008558EA /* Fonts */ = {
			isa = PBXGroup;
			children = (
				B031A1BE2991F73800C51B5A /* Letters for Learners.ttf */,
				B031A1BB2991F64400C51B5A /* Letters for Learners Outline Bold.ttf */,
				B031A1BA2991F64400C51B5A /* Letters for Learners Outline Light.ttf */,
				B09DC7A62990E9DD008558EA /* Lemon Days.ttf */,
			);
			path = Fonts;
			sourceTree = "<group>";
		};
		B09DC7A82990EC46008558EA /* Extensions */ = {
			isa = PBXGroup;
			children = (
				B09DC7A92990EC50008558EA /* UITextField.swift */,
				B09DC7AD2990FFAF008558EA /* CALayer.swift */,
				B0C56F3729924443004E83B8 /* String.swift */,
			);
			path = Extensions;
			sourceTree = "<group>";
		};
		B09DC7AF29910D71008558EA /* Class */ = {
			isa = PBXGroup;
			children = (
				B09DC7B029910D93008558EA /* CustomTextField.swift */,
			);
			path = Class;
			sourceTree = "<group>";
		};
		B0C273B6299B6B7C005B3AAD /* TabViewControllers */ = {
			isa = PBXGroup;
			children = (
				B0C273B9299B6BAC005B3AAD /* FavoriteListViewController.swift */,
				B0C273BB299B6BB5005B3AAD /* MessagesViewController.swift */,
				B0C273B7299B6B92005B3AAD /* HomeViewController.swift */,
				B0C273BF299B6BCB005B3AAD /* AlarmViewController.swift */,
				B0C273BD299B6BC2005B3AAD /* InfoViewController.swift */,
			);
			path = TabViewControllers;
			sourceTree = "<group>";
		};
		B0C56F2B29922079004E83B8 /* Services */ = {
			isa = PBXGroup;
			children = (
				B0C56F2C2992208C004E83B8 /* DatabaseManager.swift */,
				B0C56F2E29922094004E83B8 /* StorageManager.swift */,
				B07391562993601000903C1F /* FirebaseService.swift */,
			);
			path = Services;
			sourceTree = "<group>";
		};
		B0C56F3429922CCD004E83B8 /* Popup */ = {
			isa = PBXGroup;
			children = (
				B0C56F3529922D26004E83B8 /* EmailConfirmViewController.swift */,
			);
			path = Popup;
			sourceTree = "<group>";
		};
		DFC1E7CBCB9E9E23A859086E /* Pods */ = {
			isa = PBXGroup;
			children = (
				D4B9BED1A6433E210673E4C4 /* Pods-WalkFriends.debug.xcconfig */,
				40B8E93FFDC9EEFF8BC55A5E /* Pods-WalkFriends.release.xcconfig */,
			);
			path = Pods;
			sourceTree = "<group>";
		};
/* End PBXGroup section */

/* Begin PBXNativeTarget section */
		B09DC77F2990DBF2008558EA /* WalkFriends */ = {
			isa = PBXNativeTarget;
			buildConfigurationList = B09DC7942990DBF6008558EA /* Build configuration list for PBXNativeTarget "WalkFriends" */;
			buildPhases = (
				B7E69CA3563D85BFBDC8E852 /* [CP] Check Pods Manifest.lock */,
				B09DC77C2990DBF2008558EA /* Sources */,
				B09DC77D2990DBF2008558EA /* Frameworks */,
				B09DC77E2990DBF2008558EA /* Resources */,
				1DB57D4D6D138D6F2F3469FD /* [CP] Embed Pods Frameworks */,
			);
			buildRules = (
			);
			dependencies = (
			);
			name = WalkFriends;
			productName = WalkFriends;
			productReference = B09DC7802990DBF2008558EA /* WalkFriends.app */;
			productType = "com.apple.product-type.application";
		};
/* End PBXNativeTarget section */

/* Begin PBXProject section */
		B09DC7782990DBF2008558EA /* Project object */ = {
			isa = PBXProject;
			attributes = {
				BuildIndependentTargetsInParallel = 1;
				LastSwiftUpdateCheck = 1420;
				LastUpgradeCheck = 1420;
				TargetAttributes = {
					B09DC77F2990DBF2008558EA = {
						CreatedOnToolsVersion = 14.2;
					};
				};
			};
			buildConfigurationList = B09DC77B2990DBF2008558EA /* Build configuration list for PBXProject "WalkFriends" */;
			compatibilityVersion = "Xcode 14.0";
			developmentRegion = en;
			hasScannedForEncodings = 0;
			knownRegions = (
				en,
				Base,
			);
			mainGroup = B09DC7772990DBF2008558EA;
			productRefGroup = B09DC7812990DBF2008558EA /* Products */;
			projectDirPath = "";
			projectRoot = "";
			targets = (
				B09DC77F2990DBF2008558EA /* WalkFriends */,
			);
		};
/* End PBXProject section */

/* Begin PBXResourcesBuildPhase section */
		B09DC77E2990DBF2008558EA /* Resources */ = {
			isa = PBXResourcesBuildPhase;
			buildActionMask = 2147483647;
			files = (
				B031A1BC2991F64400C51B5A /* Letters for Learners Outline Light.ttf in Resources */,
				B09DC7A72990E9DD008558EA /* Lemon Days.ttf in Resources */,
				B031A1BD2991F64400C51B5A /* Letters for Learners Outline Bold.ttf in Resources */,
				B09DC7902990DBF6008558EA /* LaunchScreen.storyboard in Resources */,
				B031A1BF2991F73800C51B5A /* Letters for Learners.ttf in Resources */,
				B09DC78D2990DBF6008558EA /* Assets.xcassets in Resources */,
				B0C56F2A29921413004E83B8 /* GoogleService-Info.plist in Resources */,
			);
			runOnlyForDeploymentPostprocessing = 0;
		};
/* End PBXResourcesBuildPhase section */

/* Begin PBXShellScriptBuildPhase section */
		1DB57D4D6D138D6F2F3469FD /* [CP] Embed Pods Frameworks */ = {
			isa = PBXShellScriptBuildPhase;
			buildActionMask = 2147483647;
			files = (
			);
			inputFileListPaths = (
				"${PODS_ROOT}/Target Support Files/Pods-WalkFriends/Pods-WalkFriends-frameworks-${CONFIGURATION}-input-files.xcfilelist",
			);
			name = "[CP] Embed Pods Frameworks";
			outputFileListPaths = (
				"${PODS_ROOT}/Target Support Files/Pods-WalkFriends/Pods-WalkFriends-frameworks-${CONFIGURATION}-output-files.xcfilelist",
			);
			runOnlyForDeploymentPostprocessing = 0;
			shellPath = /bin/sh;
			shellScript = "\"${PODS_ROOT}/Target Support Files/Pods-WalkFriends/Pods-WalkFriends-frameworks.sh\"\n";
			showEnvVarsInLog = 0;
		};
		B7E69CA3563D85BFBDC8E852 /* [CP] Check Pods Manifest.lock */ = {
			isa = PBXShellScriptBuildPhase;
			buildActionMask = 2147483647;
			files = (
			);
			inputFileListPaths = (
			);
			inputPaths = (
				"${PODS_PODFILE_DIR_PATH}/Podfile.lock",
				"${PODS_ROOT}/Manifest.lock",
			);
			name = "[CP] Check Pods Manifest.lock";
			outputFileListPaths = (
			);
			outputPaths = (
				"$(DERIVED_FILE_DIR)/Pods-WalkFriends-checkManifestLockResult.txt",
			);
			runOnlyForDeploymentPostprocessing = 0;
			shellPath = /bin/sh;
			shellScript = "diff \"${PODS_PODFILE_DIR_PATH}/Podfile.lock\" \"${PODS_ROOT}/Manifest.lock\" > /dev/null\nif [ $? != 0 ] ; then\n    # print error to STDERR\n    echo \"error: The sandbox is not in sync with the Podfile.lock. Run 'pod install' or update your CocoaPods installation.\" >&2\n    exit 1\nfi\n# This output is used by Xcode 'outputs' to avoid re-running this script phase.\necho \"SUCCESS\" > \"${SCRIPT_OUTPUT_FILE_0}\"\n";
			showEnvVarsInLog = 0;
		};
/* End PBXShellScriptBuildPhase section */

/* Begin PBXSourcesBuildPhase section */
		B09DC77C2990DBF2008558EA /* Sources */ = {
			isa = PBXSourcesBuildPhase;
			buildActionMask = 2147483647;
			files = (
				B07391572993601000903C1F /* FirebaseService.swift in Sources */,
				B0C56F3629922D26004E83B8 /* EmailConfirmViewController.swift in Sources */,
				B09DC7AC2990F3E6008558EA /* RegisterViewController.swift in Sources */,
				B09DC7B129910D93008558EA /* CustomTextField.swift in Sources */,
				B09DC7A22990E21A008558EA /* LoginViewController.swift in Sources */,
				B0C273B8299B6B92005B3AAD /* HomeViewController.swift in Sources */,
				B09DC7992990DD7D008558EA /* AppCoordinator.swift in Sources */,
				B09DC7A42990E29F008558EA /* LoginCoordinator.swift in Sources */,
				B09DC7AA2990EC50008558EA /* UITextField.swift in Sources */,
				B07391592993634B00903C1F /* User.swift in Sources */,
				B09DC79B2990DEA2008558EA /* MainCoordinator.swift in Sources */,
				B09DC7842990DBF2008558EA /* AppDelegate.swift in Sources */,
				B076C6CA299CACBD00EFDA7F /* UserProfile.swift in Sources */,
				B0C56F332992232D004E83B8 /* LoginViewModel.swift in Sources */,
				B0C56F3A299244D4004E83B8 /* EmailConfirmViewModel.swift in Sources */,
				B0C56F2D2992208C004E83B8 /* DatabaseManager.swift in Sources */,
				B0C273C0299B6BCB005B3AAD /* AlarmViewController.swift in Sources */,
				B076C6CD299CC1CF00EFDA7F /* HomeViewModel.swift in Sources */,
				B0C56F3129922322004E83B8 /* RegisterViewModel.swift in Sources */,
				B09DC7862990DBF2008558EA /* SceneDelegate.swift in Sources */,
				B09DC7A02990E214008558EA /* MainViewController.swift in Sources */,
				B0C56F3829924443004E83B8 /* String.swift in Sources */,
				B09DC7AE2990FFAF008558EA /* CALayer.swift in Sources */,
				B0C273BA299B6BAC005B3AAD /* FavoriteListViewController.swift in Sources */,
				B0C56F2F29922094004E83B8 /* StorageManager.swift in Sources */,
				B0C273BE299B6BC2005B3AAD /* InfoViewController.swift in Sources */,
				B0C273BC299B6BB5005B3AAD /* MessagesViewController.swift in Sources */,
			);
			runOnlyForDeploymentPostprocessing = 0;
		};
/* End PBXSourcesBuildPhase section */

/* Begin PBXVariantGroup section */
		B09DC78E2990DBF6008558EA /* LaunchScreen.storyboard */ = {
			isa = PBXVariantGroup;
			children = (
				B09DC78F2990DBF6008558EA /* Base */,
			);
			name = LaunchScreen.storyboard;
			sourceTree = "<group>";
		};
/* End PBXVariantGroup section */

/* Begin XCBuildConfiguration section */
		B09DC7922990DBF6008558EA /* Debug */ = {
			isa = XCBuildConfiguration;
			buildSettings = {
				ALWAYS_SEARCH_USER_PATHS = NO;
				CLANG_ANALYZER_NONNULL = YES;
				CLANG_ANALYZER_NUMBER_OBJECT_CONVERSION = YES_AGGRESSIVE;
				CLANG_CXX_LANGUAGE_STANDARD = "gnu++20";
				CLANG_ENABLE_MODULES = YES;
				CLANG_ENABLE_OBJC_ARC = YES;
				CLANG_ENABLE_OBJC_WEAK = YES;
				CLANG_WARN_BLOCK_CAPTURE_AUTORELEASING = YES;
				CLANG_WARN_BOOL_CONVERSION = YES;
				CLANG_WARN_COMMA = YES;
				CLANG_WARN_CONSTANT_CONVERSION = YES;
				CLANG_WARN_DEPRECATED_OBJC_IMPLEMENTATIONS = YES;
				CLANG_WARN_DIRECT_OBJC_ISA_USAGE = YES_ERROR;
				CLANG_WARN_DOCUMENTATION_COMMENTS = YES;
				CLANG_WARN_EMPTY_BODY = YES;
				CLANG_WARN_ENUM_CONVERSION = YES;
				CLANG_WARN_INFINITE_RECURSION = YES;
				CLANG_WARN_INT_CONVERSION = YES;
				CLANG_WARN_NON_LITERAL_NULL_CONVERSION = YES;
				CLANG_WARN_OBJC_IMPLICIT_RETAIN_SELF = YES;
				CLANG_WARN_OBJC_LITERAL_CONVERSION = YES;
				CLANG_WARN_OBJC_ROOT_CLASS = YES_ERROR;
				CLANG_WARN_QUOTED_INCLUDE_IN_FRAMEWORK_HEADER = YES;
				CLANG_WARN_RANGE_LOOP_ANALYSIS = YES;
				CLANG_WARN_STRICT_PROTOTYPES = YES;
				CLANG_WARN_SUSPICIOUS_MOVE = YES;
				CLANG_WARN_UNGUARDED_AVAILABILITY = YES_AGGRESSIVE;
				CLANG_WARN_UNREACHABLE_CODE = YES;
				CLANG_WARN__DUPLICATE_METHOD_MATCH = YES;
				COPY_PHASE_STRIP = NO;
				DEBUG_INFORMATION_FORMAT = dwarf;
				ENABLE_STRICT_OBJC_MSGSEND = YES;
				ENABLE_TESTABILITY = YES;
				GCC_C_LANGUAGE_STANDARD = gnu11;
				GCC_DYNAMIC_NO_PIC = NO;
				GCC_NO_COMMON_BLOCKS = YES;
				GCC_OPTIMIZATION_LEVEL = 0;
				GCC_PREPROCESSOR_DEFINITIONS = (
					"DEBUG=1",
					"$(inherited)",
				);
				GCC_WARN_64_TO_32_BIT_CONVERSION = YES;
				GCC_WARN_ABOUT_RETURN_TYPE = YES_ERROR;
				GCC_WARN_UNDECLARED_SELECTOR = YES;
				GCC_WARN_UNINITIALIZED_AUTOS = YES_AGGRESSIVE;
				GCC_WARN_UNUSED_FUNCTION = YES;
				GCC_WARN_UNUSED_VARIABLE = YES;
				IPHONEOS_DEPLOYMENT_TARGET = 16.2;
				MTL_ENABLE_DEBUG_INFO = INCLUDE_SOURCE;
				MTL_FAST_MATH = YES;
				ONLY_ACTIVE_ARCH = YES;
				SDKROOT = iphoneos;
				SWIFT_ACTIVE_COMPILATION_CONDITIONS = DEBUG;
				SWIFT_OPTIMIZATION_LEVEL = "-Onone";
			};
			name = Debug;
		};
		B09DC7932990DBF6008558EA /* Release */ = {
			isa = XCBuildConfiguration;
			buildSettings = {
				ALWAYS_SEARCH_USER_PATHS = NO;
				CLANG_ANALYZER_NONNULL = YES;
				CLANG_ANALYZER_NUMBER_OBJECT_CONVERSION = YES_AGGRESSIVE;
				CLANG_CXX_LANGUAGE_STANDARD = "gnu++20";
				CLANG_ENABLE_MODULES = YES;
				CLANG_ENABLE_OBJC_ARC = YES;
				CLANG_ENABLE_OBJC_WEAK = YES;
				CLANG_WARN_BLOCK_CAPTURE_AUTORELEASING = YES;
				CLANG_WARN_BOOL_CONVERSION = YES;
				CLANG_WARN_COMMA = YES;
				CLANG_WARN_CONSTANT_CONVERSION = YES;
				CLANG_WARN_DEPRECATED_OBJC_IMPLEMENTATIONS = YES;
				CLANG_WARN_DIRECT_OBJC_ISA_USAGE = YES_ERROR;
				CLANG_WARN_DOCUMENTATION_COMMENTS = YES;
				CLANG_WARN_EMPTY_BODY = YES;
				CLANG_WARN_ENUM_CONVERSION = YES;
				CLANG_WARN_INFINITE_RECURSION = YES;
				CLANG_WARN_INT_CONVERSION = YES;
				CLANG_WARN_NON_LITERAL_NULL_CONVERSION = YES;
				CLANG_WARN_OBJC_IMPLICIT_RETAIN_SELF = YES;
				CLANG_WARN_OBJC_LITERAL_CONVERSION = YES;
				CLANG_WARN_OBJC_ROOT_CLASS = YES_ERROR;
				CLANG_WARN_QUOTED_INCLUDE_IN_FRAMEWORK_HEADER = YES;
				CLANG_WARN_RANGE_LOOP_ANALYSIS = YES;
				CLANG_WARN_STRICT_PROTOTYPES = YES;
				CLANG_WARN_SUSPICIOUS_MOVE = YES;
				CLANG_WARN_UNGUARDED_AVAILABILITY = YES_AGGRESSIVE;
				CLANG_WARN_UNREACHABLE_CODE = YES;
				CLANG_WARN__DUPLICATE_METHOD_MATCH = YES;
				COPY_PHASE_STRIP = NO;
				DEBUG_INFORMATION_FORMAT = "dwarf-with-dsym";
				ENABLE_NS_ASSERTIONS = NO;
				ENABLE_STRICT_OBJC_MSGSEND = YES;
				GCC_C_LANGUAGE_STANDARD = gnu11;
				GCC_NO_COMMON_BLOCKS = YES;
				GCC_WARN_64_TO_32_BIT_CONVERSION = YES;
				GCC_WARN_ABOUT_RETURN_TYPE = YES_ERROR;
				GCC_WARN_UNDECLARED_SELECTOR = YES;
				GCC_WARN_UNINITIALIZED_AUTOS = YES_AGGRESSIVE;
				GCC_WARN_UNUSED_FUNCTION = YES;
				GCC_WARN_UNUSED_VARIABLE = YES;
				IPHONEOS_DEPLOYMENT_TARGET = 16.2;
				MTL_ENABLE_DEBUG_INFO = NO;
				MTL_FAST_MATH = YES;
				SDKROOT = iphoneos;
				SWIFT_COMPILATION_MODE = wholemodule;
				SWIFT_OPTIMIZATION_LEVEL = "-O";
				VALIDATE_PRODUCT = YES;
			};
			name = Release;
		};
		B09DC7952990DBF6008558EA /* Debug */ = {
			isa = XCBuildConfiguration;
			baseConfigurationReference = D4B9BED1A6433E210673E4C4 /* Pods-WalkFriends.debug.xcconfig */;
			buildSettings = {
				ASSETCATALOG_COMPILER_APPICON_NAME = AppIcon;
				ASSETCATALOG_COMPILER_GLOBAL_ACCENT_COLOR_NAME = AccentColor;
				CODE_SIGN_STYLE = Automatic;
				CURRENT_PROJECT_VERSION = 1;
				DEVELOPMENT_TEAM = J2J2A4T2U9;
				GENERATE_INFOPLIST_FILE = YES;
				INFOPLIST_FILE = WalkFriends/Info.plist;
				INFOPLIST_KEY_UIApplicationSupportsIndirectInputEvents = YES;
				INFOPLIST_KEY_UILaunchStoryboardName = LaunchScreen;
				INFOPLIST_KEY_UISupportedInterfaceOrientations = UIInterfaceOrientationPortrait;
				IPHONEOS_DEPLOYMENT_TARGET = 15.5;
				LD_RUNPATH_SEARCH_PATHS = (
					"$(inherited)",
					"@executable_path/Frameworks",
				);
				MARKETING_VERSION = 1.0;
				PRODUCT_BUNDLE_IDENTIFIER = "Dev-Ozzy.WalkFriends";
				PRODUCT_NAME = "$(TARGET_NAME)";
				SUPPORTED_PLATFORMS = "iphoneos iphonesimulator";
				SUPPORTS_MACCATALYST = NO;
				SUPPORTS_MAC_DESIGNED_FOR_IPHONE_IPAD = YES;
				SWIFT_EMIT_LOC_STRINGS = YES;
				SWIFT_VERSION = 5.0;
				TARGETED_DEVICE_FAMILY = 1;
			};
			name = Debug;
		};
		B09DC7962990DBF6008558EA /* Release */ = {
			isa = XCBuildConfiguration;
			baseConfigurationReference = 40B8E93FFDC9EEFF8BC55A5E /* Pods-WalkFriends.release.xcconfig */;
			buildSettings = {
				ASSETCATALOG_COMPILER_APPICON_NAME = AppIcon;
				ASSETCATALOG_COMPILER_GLOBAL_ACCENT_COLOR_NAME = AccentColor;
				CODE_SIGN_STYLE = Automatic;
				CURRENT_PROJECT_VERSION = 1;
				DEVELOPMENT_TEAM = J2J2A4T2U9;
				GENERATE_INFOPLIST_FILE = YES;
				INFOPLIST_FILE = WalkFriends/Info.plist;
				INFOPLIST_KEY_UIApplicationSupportsIndirectInputEvents = YES;
				INFOPLIST_KEY_UILaunchStoryboardName = LaunchScreen;
				INFOPLIST_KEY_UISupportedInterfaceOrientations = UIInterfaceOrientationPortrait;
				IPHONEOS_DEPLOYMENT_TARGET = 15.5;
				LD_RUNPATH_SEARCH_PATHS = (
					"$(inherited)",
					"@executable_path/Frameworks",
				);
				MARKETING_VERSION = 1.0;
				PRODUCT_BUNDLE_IDENTIFIER = "Dev-Ozzy.WalkFriends";
				PRODUCT_NAME = "$(TARGET_NAME)";
				SUPPORTED_PLATFORMS = "iphoneos iphonesimulator";
				SUPPORTS_MACCATALYST = NO;
				SUPPORTS_MAC_DESIGNED_FOR_IPHONE_IPAD = YES;
				SWIFT_EMIT_LOC_STRINGS = YES;
				SWIFT_VERSION = 5.0;
				TARGETED_DEVICE_FAMILY = 1;
			};
			name = Release;
		};
/* End XCBuildConfiguration section */

/* Begin XCConfigurationList section */
		B09DC77B2990DBF2008558EA /* Build configuration list for PBXProject "WalkFriends" */ = {
			isa = XCConfigurationList;
			buildConfigurations = (
				B09DC7922990DBF6008558EA /* Debug */,
				B09DC7932990DBF6008558EA /* Release */,
			);
			defaultConfigurationIsVisible = 0;
			defaultConfigurationName = Release;
		};
		B09DC7942990DBF6008558EA /* Build configuration list for PBXNativeTarget "WalkFriends" */ = {
			isa = XCConfigurationList;
			buildConfigurations = (
				B09DC7952990DBF6008558EA /* Debug */,
				B09DC7962990DBF6008558EA /* Release */,
			);
			defaultConfigurationIsVisible = 0;
			defaultConfigurationName = Release;
		};
/* End XCConfigurationList section */
	};
	rootObject = B09DC7782990DBF2008558EA /* Project object */;
}
