// !$*UTF8*$!
{
	archiveVersion = 1;
	classes = {
	};
	objectVersion = 56;
	objects = {

/* Begin PBXBuildFile section */
		B00AADB329B9EF77008053B6 /* DatabaseRepository.swift in Sources */ = {isa = PBXBuildFile; fileRef = B00AADB229B9EF77008053B6 /* DatabaseRepository.swift */; };
		B02828D729E93BA0008B22CF /* Date.swift in Sources */ = {isa = PBXBuildFile; fileRef = B02828D629E93BA0008B22CF /* Date.swift */; };
		B02828DA29E93EF4008B22CF /* MapListCoordinator.swift in Sources */ = {isa = PBXBuildFile; fileRef = B02828D929E93EF4008B22CF /* MapListCoordinator.swift */; };
		B02828DE29E93F8E008B22CF /* MapListViewController.swift in Sources */ = {isa = PBXBuildFile; fileRef = B02828DD29E93F8E008B22CF /* MapListViewController.swift */; };
		B02828E029E93FC6008B22CF /* MapListViewModel.swift in Sources */ = {isa = PBXBuildFile; fileRef = B02828DF29E93FC6008B22CF /* MapListViewModel.swift */; };
		B02828E829E94400008B22CF /* MapList.swift in Sources */ = {isa = PBXBuildFile; fileRef = B02828E729E94400008B22CF /* MapList.swift */; };
		B028F7432A409D8E002C4B3F /* PartyConfettiRegular-eZOn3.ttf in Resources */ = {isa = PBXBuildFile; fileRef = B028F7422A409D8D002C4B3F /* PartyConfettiRegular-eZOn3.ttf */; };
		B031A1BF2991F73800C51B5A /* Letters for Learners.ttf in Resources */ = {isa = PBXBuildFile; fileRef = B031A1BE2991F73800C51B5A /* Letters for Learners.ttf */; };
		B03310242A0E61020081528D /* EmailCoordinator.swift in Sources */ = {isa = PBXBuildFile; fileRef = B03310232A0E61020081528D /* EmailCoordinator.swift */; };
		B034D94C29E1568700B90AB2 /* RegisterCoordinator.swift in Sources */ = {isa = PBXBuildFile; fileRef = B034D94B29E1568700B90AB2 /* RegisterCoordinator.swift */; };
		B03AFD942A778D7600B6DEF8 /* Line.swift in Sources */ = {isa = PBXBuildFile; fileRef = B03AFD932A778D7600B6DEF8 /* Line.swift */; };
		B03C84252A4EC5B100DE2F0A /* UIColor.swift in Sources */ = {isa = PBXBuildFile; fileRef = B03C84242A4EC5B100DE2F0A /* UIColor.swift */; };
		B03D99772A52BF45007C0C13 /* LaunchViewController.swift in Sources */ = {isa = PBXBuildFile; fileRef = B03D99762A52BF45007C0C13 /* LaunchViewController.swift */; };
		B03D997B2A52C202007C0C13 /* LaunchCoordinator.swift in Sources */ = {isa = PBXBuildFile; fileRef = B03D997A2A52C202007C0C13 /* LaunchCoordinator.swift */; };
		B04022BD2A56510B00647431 /* MapListView.swift in Sources */ = {isa = PBXBuildFile; fileRef = B04022BC2A56510B00647431 /* MapListView.swift */; };
		B04022C02A56515B00647431 /* MapListViewCell.swift in Sources */ = {isa = PBXBuildFile; fileRef = B04022BE2A56515B00647431 /* MapListViewCell.swift */; };
		B04022C12A56515B00647431 /* MapListViewCell.xib in Resources */ = {isa = PBXBuildFile; fileRef = B04022BF2A56515B00647431 /* MapListViewCell.xib */; };
		B04022C32A56634700647431 /* Int.swift in Sources */ = {isa = PBXBuildFile; fileRef = B04022C22A56634700647431 /* Int.swift */; };
		B042BA592A539F20004555AA /* LocationViewController.swift in Sources */ = {isa = PBXBuildFile; fileRef = B042BA582A539F20004555AA /* LocationViewController.swift */; };
		B042CC3A2A9F2CAF00E1672A /* MapDetailView.swift in Sources */ = {isa = PBXBuildFile; fileRef = B042CC392A9F2CAF00E1672A /* MapDetailView.swift */; };
		B04483492A613590004DC9E0 /* Rx+UIViewController.swift in Sources */ = {isa = PBXBuildFile; fileRef = B04483482A613590004DC9E0 /* Rx+UIViewController.swift */; };
		B045DA3B2A9C5DDD003F6662 /* CATransition.swift in Sources */ = {isa = PBXBuildFile; fileRef = B045DA3A2A9C5DDD003F6662 /* CATransition.swift */; };
		B0483CFF29D6BC4E001941C1 /* ShareInfoViewController.swift in Sources */ = {isa = PBXBuildFile; fileRef = B0483CFE29D6BC4E001941C1 /* ShareInfoViewController.swift */; };
		B0483D0229D6BCAC001941C1 /* ShareInfoCoordinator.swift in Sources */ = {isa = PBXBuildFile; fileRef = B0483D0129D6BCAC001941C1 /* ShareInfoCoordinator.swift */; };
		B04CDE1E2A5BF87200EAB8FC /* AppAppearance.swift in Sources */ = {isa = PBXBuildFile; fileRef = B04CDE1D2A5BF87200EAB8FC /* AppAppearance.swift */; };
		B0596AF82A37FAD000BDD8EA /* StorageRepository.swift in Sources */ = {isa = PBXBuildFile; fileRef = B0596AF72A37FAD000BDD8EA /* StorageRepository.swift */; };
		B05B7F6729ED02F100685D6F /* Reactive.swift in Sources */ = {isa = PBXBuildFile; fileRef = B05B7F6629ED02F100685D6F /* Reactive.swift */; };
		B05C3D9C2A176F8C00D23AB7 /* UIViewController.swift in Sources */ = {isa = PBXBuildFile; fileRef = B05C3D9B2A176F8C00D23AB7 /* UIViewController.swift */; };
		B062D8092A0B6451005C9FD3 /* MapListDetailViewCell.swift in Sources */ = {isa = PBXBuildFile; fileRef = B062D8072A0B6451005C9FD3 /* MapListDetailViewCell.swift */; };
		B062D80A2A0B6451005C9FD3 /* MapListDetailViewCell.xib in Resources */ = {isa = PBXBuildFile; fileRef = B062D8082A0B6451005C9FD3 /* MapListDetailViewCell.xib */; };
		B0638BA1299FCFBA001776F5 /* CustomLabelView.swift in Sources */ = {isa = PBXBuildFile; fileRef = B0638BA0299FCFBA001776F5 /* CustomLabelView.swift */; };
		B065C42529CB3424005AC8E2 /* HomeListView.swift in Sources */ = {isa = PBXBuildFile; fileRef = B065C42429CB3424005AC8E2 /* HomeListView.swift */; };
		B065C42829CB5C5B005AC8E2 /* HomeListCell.swift in Sources */ = {isa = PBXBuildFile; fileRef = B065C42629CB5C5B005AC8E2 /* HomeListCell.swift */; };
		B065C42929CB5C5B005AC8E2 /* HomeListCell.xib in Resources */ = {isa = PBXBuildFile; fileRef = B065C42729CB5C5B005AC8E2 /* HomeListCell.xib */; };
		B06B456D29C4347300B0AED2 /* ViewModel.swift in Sources */ = {isa = PBXBuildFile; fileRef = B06B456C29C4347200B0AED2 /* ViewModel.swift */; };
		B06E9FBF2A039C2D00512F49 /* NetworkService.swift in Sources */ = {isa = PBXBuildFile; fileRef = B06E9FBE2A039C2D00512F49 /* NetworkService.swift */; };
		B072878D29A88BAC00E8A085 /* UserInfo.swift in Sources */ = {isa = PBXBuildFile; fileRef = B072878C29A88BAC00E8A085 /* UserInfo.swift */; };
		B07391572993601000903C1F /* FirebaseService.swift in Sources */ = {isa = PBXBuildFile; fileRef = B07391562993601000903C1F /* FirebaseService.swift */; };
		B076311E29E671DB009B39C0 /* CLPlacemark.swift in Sources */ = {isa = PBXBuildFile; fileRef = B076311D29E671DB009B39C0 /* CLPlacemark.swift */; };
		B076312029E6A050009B39C0 /* UserMap.swift in Sources */ = {isa = PBXBuildFile; fileRef = B076311F29E6A050009B39C0 /* UserMap.swift */; };
		B076312229E6A84A009B39C0 /* UIImage.swift in Sources */ = {isa = PBXBuildFile; fileRef = B076312129E6A84A009B39C0 /* UIImage.swift */; };
		B076C6CA299CACBD00EFDA7F /* UserProfile.swift in Sources */ = {isa = PBXBuildFile; fileRef = B076C6C9299CACBD00EFDA7F /* UserProfile.swift */; };
		B076C6CD299CC1CF00EFDA7F /* HomeViewModel.swift in Sources */ = {isa = PBXBuildFile; fileRef = B076C6CC299CC1CF00EFDA7F /* HomeViewModel.swift */; };
		B07971BE29B1D1AB0038BE9D /* DefaultUseCase.swift in Sources */ = {isa = PBXBuildFile; fileRef = B07971BD29B1D1AB0038BE9D /* DefaultUseCase.swift */; };
		B07971C129B1D1FA0038BE9D /* UseCase.swift in Sources */ = {isa = PBXBuildFile; fileRef = B07971C029B1D1FA0038BE9D /* UseCase.swift */; };
		B07DDB6D29BF1BB50012F26A /* SetupProfileViewModel.swift in Sources */ = {isa = PBXBuildFile; fileRef = B07DDB6C29BF1BB50012F26A /* SetupProfileViewModel.swift */; };
		B07DDB6F29BF1C860012F26A /* SetupProfileCoordinator.swift in Sources */ = {isa = PBXBuildFile; fileRef = B07DDB6E29BF1C860012F26A /* SetupProfileCoordinator.swift */; };
		B08531CE29B87F9E00209127 /* RunCoordinator.swift in Sources */ = {isa = PBXBuildFile; fileRef = B08531CD29B87F9E00209127 /* RunCoordinator.swift */; };
		B08531D229B87FAF00209127 /* HomeCoordinator.swift in Sources */ = {isa = PBXBuildFile; fileRef = B08531D129B87FAF00209127 /* HomeCoordinator.swift */; };
		B08531D629B87FBF00209127 /* InfoCoordinator.swift in Sources */ = {isa = PBXBuildFile; fileRef = B08531D529B87FBF00209127 /* InfoCoordinator.swift */; };
		B08531D829B8ADAF00209127 /* InfoViewModel.swift in Sources */ = {isa = PBXBuildFile; fileRef = B08531D729B8ADAF00209127 /* InfoViewModel.swift */; };
		B08ED1FF2A3067A000B29112 /* UserProfileData.swift in Sources */ = {isa = PBXBuildFile; fileRef = B08ED1FE2A3067A000B29112 /* UserProfileData.swift */; };
		B090808929DEB86700DDAEBC /* ShareInfoView.swift in Sources */ = {isa = PBXBuildFile; fileRef = B090808829DEB86700DDAEBC /* ShareInfoView.swift */; };
		B090808C29DECC6400DDAEBC /* PhotoListCell.swift in Sources */ = {isa = PBXBuildFile; fileRef = B090808A29DECC6400DDAEBC /* PhotoListCell.swift */; };
		B090808D29DECC6400DDAEBC /* PhotoListCell.xib in Resources */ = {isa = PBXBuildFile; fileRef = B090808B29DECC6400DDAEBC /* PhotoListCell.xib */; };
		B0909F0529EE24DA00CFE7B1 /* MapListDetailViewController.swift in Sources */ = {isa = PBXBuildFile; fileRef = B0909F0429EE24DA00CFE7B1 /* MapListDetailViewController.swift */; };
		B0909F0729EE254A00CFE7B1 /* MapListDetailViewModel.swift in Sources */ = {isa = PBXBuildFile; fileRef = B0909F0629EE254A00CFE7B1 /* MapListDetailViewModel.swift */; };
		B0909F0929EE26B800CFE7B1 /* MapListDetailCoordinator.swift in Sources */ = {isa = PBXBuildFile; fileRef = B0909F0829EE26B800CFE7B1 /* MapListDetailCoordinator.swift */; };
		B0936E6A2A20A8EB00EB03A5 /* UserLoginModel.swift in Sources */ = {isa = PBXBuildFile; fileRef = B0936E692A20A8EB00EB03A5 /* UserLoginModel.swift */; };
		B097425129CC2C76002AD53A /* RunViewModel.swift in Sources */ = {isa = PBXBuildFile; fileRef = B097425029CC2C76002AD53A /* RunViewModel.swift */; };
		B09DC7842990DBF2008558EA /* AppDelegate.swift in Sources */ = {isa = PBXBuildFile; fileRef = B09DC7832990DBF2008558EA /* AppDelegate.swift */; };
		B09DC7862990DBF2008558EA /* SceneDelegate.swift in Sources */ = {isa = PBXBuildFile; fileRef = B09DC7852990DBF2008558EA /* SceneDelegate.swift */; };
		B09DC78D2990DBF6008558EA /* Assets.xcassets in Resources */ = {isa = PBXBuildFile; fileRef = B09DC78C2990DBF6008558EA /* Assets.xcassets */; };
		B09DC7902990DBF6008558EA /* LaunchScreen.storyboard in Resources */ = {isa = PBXBuildFile; fileRef = B09DC78E2990DBF6008558EA /* LaunchScreen.storyboard */; };
		B09DC7992990DD7D008558EA /* AppCoordinator.swift in Sources */ = {isa = PBXBuildFile; fileRef = B09DC7982990DD7D008558EA /* AppCoordinator.swift */; };
		B09DC79B2990DEA2008558EA /* TabBarCoordinator.swift in Sources */ = {isa = PBXBuildFile; fileRef = B09DC79A2990DEA2008558EA /* TabBarCoordinator.swift */; };
		B09DC7A22990E21A008558EA /* LoginViewController.swift in Sources */ = {isa = PBXBuildFile; fileRef = B09DC7A12990E21A008558EA /* LoginViewController.swift */; };
		B09DC7A42990E29F008558EA /* LoginCoordinator.swift in Sources */ = {isa = PBXBuildFile; fileRef = B09DC7A32990E29F008558EA /* LoginCoordinator.swift */; };
		B09DC7AA2990EC50008558EA /* UITextField.swift in Sources */ = {isa = PBXBuildFile; fileRef = B09DC7A92990EC50008558EA /* UITextField.swift */; };
		B09DC7AC2990F3E6008558EA /* RegisterViewController.swift in Sources */ = {isa = PBXBuildFile; fileRef = B09DC7AB2990F3E6008558EA /* RegisterViewController.swift */; };
		B09DC7AE2990FFAF008558EA /* CALayer.swift in Sources */ = {isa = PBXBuildFile; fileRef = B09DC7AD2990FFAF008558EA /* CALayer.swift */; };
		B09DC7B129910D93008558EA /* CustomTextField.swift in Sources */ = {isa = PBXBuildFile; fileRef = B09DC7B029910D93008558EA /* CustomTextField.swift */; };
		B0A2D38E29BB08F000B6412F /* SetupProfileViewController.swift in Sources */ = {isa = PBXBuildFile; fileRef = B0A2D38D29BB08F000B6412F /* SetupProfileViewController.swift */; };
		B0B5DD1D2A5D37FB00570119 /* AppSceneDIContainer.swift in Sources */ = {isa = PBXBuildFile; fileRef = B0B5DD1C2A5D37FB00570119 /* AppSceneDIContainer.swift */; };
		B0C273B8299B6B92005B3AAD /* HomeViewController.swift in Sources */ = {isa = PBXBuildFile; fileRef = B0C273B7299B6B92005B3AAD /* HomeViewController.swift */; };
		B0C273BA299B6BAC005B3AAD /* RunViewController.swift in Sources */ = {isa = PBXBuildFile; fileRef = B0C273B9299B6BAC005B3AAD /* RunViewController.swift */; };
		B0C273BE299B6BC2005B3AAD /* InfoViewController.swift in Sources */ = {isa = PBXBuildFile; fileRef = B0C273BD299B6BC2005B3AAD /* InfoViewController.swift */; };
		B0C3BF5D29DC09A700471D60 /* ShareInfoViewModel.swift in Sources */ = {isa = PBXBuildFile; fileRef = B0C3BF5C29DC09A700471D60 /* ShareInfoViewModel.swift */; };
		B0C56F2A29921413004E83B8 /* GoogleService-Info.plist in Resources */ = {isa = PBXBuildFile; fileRef = B0C56F2929921412004E83B8 /* GoogleService-Info.plist */; };
		B0C56F2D2992208C004E83B8 /* DatabaseManager.swift in Sources */ = {isa = PBXBuildFile; fileRef = B0C56F2C2992208C004E83B8 /* DatabaseManager.swift */; };
		B0C56F2F29922094004E83B8 /* StorageManager.swift in Sources */ = {isa = PBXBuildFile; fileRef = B0C56F2E29922094004E83B8 /* StorageManager.swift */; };
		B0C56F3129922322004E83B8 /* RegisterViewModel.swift in Sources */ = {isa = PBXBuildFile; fileRef = B0C56F3029922321004E83B8 /* RegisterViewModel.swift */; };
		B0C56F332992232D004E83B8 /* LoginViewModel.swift in Sources */ = {isa = PBXBuildFile; fileRef = B0C56F322992232D004E83B8 /* LoginViewModel.swift */; };
		B0C56F3629922D26004E83B8 /* EmailConfirmViewController.swift in Sources */ = {isa = PBXBuildFile; fileRef = B0C56F3529922D26004E83B8 /* EmailConfirmViewController.swift */; };
		B0C56F3829924443004E83B8 /* String.swift in Sources */ = {isa = PBXBuildFile; fileRef = B0C56F3729924443004E83B8 /* String.swift */; };
		B0C56F3A299244D4004E83B8 /* EmailConfirmViewModel.swift in Sources */ = {isa = PBXBuildFile; fileRef = B0C56F39299244D4004E83B8 /* EmailConfirmViewModel.swift */; };
		DE1D946785BD77890688D2B7 /* Pods_WalkFriends.framework in Frameworks */ = {isa = PBXBuildFile; fileRef = B69A27509896D10B1710869E /* Pods_WalkFriends.framework */; };
/* End PBXBuildFile section */

/* Begin PBXFileReference section */
		40B8E93FFDC9EEFF8BC55A5E /* Pods-WalkFriends.release.xcconfig */ = {isa = PBXFileReference; includeInIndex = 1; lastKnownFileType = text.xcconfig; name = "Pods-WalkFriends.release.xcconfig"; path = "Target Support Files/Pods-WalkFriends/Pods-WalkFriends.release.xcconfig"; sourceTree = "<group>"; };
		B00AADB229B9EF77008053B6 /* DatabaseRepository.swift */ = {isa = PBXFileReference; lastKnownFileType = sourcecode.swift; path = DatabaseRepository.swift; sourceTree = "<group>"; };
		B02828D629E93BA0008B22CF /* Date.swift */ = {isa = PBXFileReference; lastKnownFileType = sourcecode.swift; path = Date.swift; sourceTree = "<group>"; };
		B02828D929E93EF4008B22CF /* MapListCoordinator.swift */ = {isa = PBXFileReference; lastKnownFileType = sourcecode.swift; path = MapListCoordinator.swift; sourceTree = "<group>"; };
		B02828DD29E93F8E008B22CF /* MapListViewController.swift */ = {isa = PBXFileReference; lastKnownFileType = sourcecode.swift; path = MapListViewController.swift; sourceTree = "<group>"; };
		B02828DF29E93FC6008B22CF /* MapListViewModel.swift */ = {isa = PBXFileReference; lastKnownFileType = sourcecode.swift; path = MapListViewModel.swift; sourceTree = "<group>"; };
		B02828E729E94400008B22CF /* MapList.swift */ = {isa = PBXFileReference; lastKnownFileType = sourcecode.swift; path = MapList.swift; sourceTree = "<group>"; };
		B028F7422A409D8D002C4B3F /* PartyConfettiRegular-eZOn3.ttf */ = {isa = PBXFileReference; lastKnownFileType = file; path = "PartyConfettiRegular-eZOn3.ttf"; sourceTree = "<group>"; };
		B031A1BE2991F73800C51B5A /* Letters for Learners.ttf */ = {isa = PBXFileReference; lastKnownFileType = file; path = "Letters for Learners.ttf"; sourceTree = "<group>"; };
		B03310232A0E61020081528D /* EmailCoordinator.swift */ = {isa = PBXFileReference; lastKnownFileType = sourcecode.swift; path = EmailCoordinator.swift; sourceTree = "<group>"; };
		B034D94B29E1568700B90AB2 /* RegisterCoordinator.swift */ = {isa = PBXFileReference; lastKnownFileType = sourcecode.swift; path = RegisterCoordinator.swift; sourceTree = "<group>"; };
		B03AFD932A778D7600B6DEF8 /* Line.swift */ = {isa = PBXFileReference; lastKnownFileType = sourcecode.swift; path = Line.swift; sourceTree = "<group>"; };
		B03C84242A4EC5B100DE2F0A /* UIColor.swift */ = {isa = PBXFileReference; lastKnownFileType = sourcecode.swift; path = UIColor.swift; sourceTree = "<group>"; };
		B03D99762A52BF45007C0C13 /* LaunchViewController.swift */ = {isa = PBXFileReference; lastKnownFileType = sourcecode.swift; path = LaunchViewController.swift; sourceTree = "<group>"; };
		B03D997A2A52C202007C0C13 /* LaunchCoordinator.swift */ = {isa = PBXFileReference; lastKnownFileType = sourcecode.swift; path = LaunchCoordinator.swift; sourceTree = "<group>"; };
		B04022BC2A56510B00647431 /* MapListView.swift */ = {isa = PBXFileReference; lastKnownFileType = sourcecode.swift; path = MapListView.swift; sourceTree = "<group>"; };
		B04022BE2A56515B00647431 /* MapListViewCell.swift */ = {isa = PBXFileReference; lastKnownFileType = sourcecode.swift; path = MapListViewCell.swift; sourceTree = "<group>"; };
		B04022BF2A56515B00647431 /* MapListViewCell.xib */ = {isa = PBXFileReference; lastKnownFileType = file.xib; path = MapListViewCell.xib; sourceTree = "<group>"; };
		B04022C22A56634700647431 /* Int.swift */ = {isa = PBXFileReference; lastKnownFileType = sourcecode.swift; path = Int.swift; sourceTree = "<group>"; };
		B042BA582A539F20004555AA /* LocationViewController.swift */ = {isa = PBXFileReference; lastKnownFileType = sourcecode.swift; path = LocationViewController.swift; sourceTree = "<group>"; };
		B042CC392A9F2CAF00E1672A /* MapDetailView.swift */ = {isa = PBXFileReference; lastKnownFileType = sourcecode.swift; path = MapDetailView.swift; sourceTree = "<group>"; };
		B04483482A613590004DC9E0 /* Rx+UIViewController.swift */ = {isa = PBXFileReference; lastKnownFileType = sourcecode.swift; path = "Rx+UIViewController.swift"; sourceTree = "<group>"; };
		B045DA3A2A9C5DDD003F6662 /* CATransition.swift */ = {isa = PBXFileReference; lastKnownFileType = sourcecode.swift; path = CATransition.swift; sourceTree = "<group>"; };
		B0483CFE29D6BC4E001941C1 /* ShareInfoViewController.swift */ = {isa = PBXFileReference; lastKnownFileType = sourcecode.swift; path = ShareInfoViewController.swift; sourceTree = "<group>"; };
		B0483D0129D6BCAC001941C1 /* ShareInfoCoordinator.swift */ = {isa = PBXFileReference; lastKnownFileType = sourcecode.swift; path = ShareInfoCoordinator.swift; sourceTree = "<group>"; };
		B04CDE1D2A5BF87200EAB8FC /* AppAppearance.swift */ = {isa = PBXFileReference; lastKnownFileType = sourcecode.swift; path = AppAppearance.swift; sourceTree = "<group>"; };
		B0596AF72A37FAD000BDD8EA /* StorageRepository.swift */ = {isa = PBXFileReference; lastKnownFileType = sourcecode.swift; path = StorageRepository.swift; sourceTree = "<group>"; };
		B05B7F6629ED02F100685D6F /* Reactive.swift */ = {isa = PBXFileReference; lastKnownFileType = sourcecode.swift; path = Reactive.swift; sourceTree = "<group>"; };
		B05C3D9B2A176F8C00D23AB7 /* UIViewController.swift */ = {isa = PBXFileReference; lastKnownFileType = sourcecode.swift; path = UIViewController.swift; sourceTree = "<group>"; };
		B062D8072A0B6451005C9FD3 /* MapListDetailViewCell.swift */ = {isa = PBXFileReference; lastKnownFileType = sourcecode.swift; path = MapListDetailViewCell.swift; sourceTree = "<group>"; };
		B062D8082A0B6451005C9FD3 /* MapListDetailViewCell.xib */ = {isa = PBXFileReference; lastKnownFileType = file.xib; path = MapListDetailViewCell.xib; sourceTree = "<group>"; };
		B0638BA0299FCFBA001776F5 /* CustomLabelView.swift */ = {isa = PBXFileReference; lastKnownFileType = sourcecode.swift; path = CustomLabelView.swift; sourceTree = "<group>"; };
		B065C42429CB3424005AC8E2 /* HomeListView.swift */ = {isa = PBXFileReference; lastKnownFileType = sourcecode.swift; path = HomeListView.swift; sourceTree = "<group>"; };
		B065C42629CB5C5B005AC8E2 /* HomeListCell.swift */ = {isa = PBXFileReference; lastKnownFileType = sourcecode.swift; path = HomeListCell.swift; sourceTree = "<group>"; };
		B065C42729CB5C5B005AC8E2 /* HomeListCell.xib */ = {isa = PBXFileReference; lastKnownFileType = file.xib; path = HomeListCell.xib; sourceTree = "<group>"; };
		B06B456C29C4347200B0AED2 /* ViewModel.swift */ = {isa = PBXFileReference; lastKnownFileType = sourcecode.swift; path = ViewModel.swift; sourceTree = "<group>"; };
		B06E9FBE2A039C2D00512F49 /* NetworkService.swift */ = {isa = PBXFileReference; lastKnownFileType = sourcecode.swift; path = NetworkService.swift; sourceTree = "<group>"; };
		B072878C29A88BAC00E8A085 /* UserInfo.swift */ = {isa = PBXFileReference; lastKnownFileType = sourcecode.swift; path = UserInfo.swift; sourceTree = "<group>"; };
		B07391562993601000903C1F /* FirebaseService.swift */ = {isa = PBXFileReference; lastKnownFileType = sourcecode.swift; path = FirebaseService.swift; sourceTree = "<group>"; };
		B076311D29E671DB009B39C0 /* CLPlacemark.swift */ = {isa = PBXFileReference; lastKnownFileType = sourcecode.swift; path = CLPlacemark.swift; sourceTree = "<group>"; };
		B076311F29E6A050009B39C0 /* UserMap.swift */ = {isa = PBXFileReference; lastKnownFileType = sourcecode.swift; path = UserMap.swift; sourceTree = "<group>"; };
		B076312129E6A84A009B39C0 /* UIImage.swift */ = {isa = PBXFileReference; lastKnownFileType = sourcecode.swift; path = UIImage.swift; sourceTree = "<group>"; };
		B076C6C9299CACBD00EFDA7F /* UserProfile.swift */ = {isa = PBXFileReference; lastKnownFileType = sourcecode.swift; path = UserProfile.swift; sourceTree = "<group>"; };
		B076C6CC299CC1CF00EFDA7F /* HomeViewModel.swift */ = {isa = PBXFileReference; lastKnownFileType = sourcecode.swift; path = HomeViewModel.swift; sourceTree = "<group>"; };
		B07971BD29B1D1AB0038BE9D /* DefaultUseCase.swift */ = {isa = PBXFileReference; lastKnownFileType = sourcecode.swift; path = DefaultUseCase.swift; sourceTree = "<group>"; };
		B07971C029B1D1FA0038BE9D /* UseCase.swift */ = {isa = PBXFileReference; lastKnownFileType = sourcecode.swift; path = UseCase.swift; sourceTree = "<group>"; };
		B07DDB6C29BF1BB50012F26A /* SetupProfileViewModel.swift */ = {isa = PBXFileReference; lastKnownFileType = sourcecode.swift; path = SetupProfileViewModel.swift; sourceTree = "<group>"; };
		B07DDB6E29BF1C860012F26A /* SetupProfileCoordinator.swift */ = {isa = PBXFileReference; lastKnownFileType = sourcecode.swift; path = SetupProfileCoordinator.swift; sourceTree = "<group>"; };
		B08531CD29B87F9E00209127 /* RunCoordinator.swift */ = {isa = PBXFileReference; lastKnownFileType = sourcecode.swift; path = RunCoordinator.swift; sourceTree = "<group>"; };
		B08531D129B87FAF00209127 /* HomeCoordinator.swift */ = {isa = PBXFileReference; lastKnownFileType = sourcecode.swift; path = HomeCoordinator.swift; sourceTree = "<group>"; };
		B08531D529B87FBF00209127 /* InfoCoordinator.swift */ = {isa = PBXFileReference; lastKnownFileType = sourcecode.swift; path = InfoCoordinator.swift; sourceTree = "<group>"; };
		B08531D729B8ADAF00209127 /* InfoViewModel.swift */ = {isa = PBXFileReference; lastKnownFileType = sourcecode.swift; path = InfoViewModel.swift; sourceTree = "<group>"; };
		B089273A2A495874003036BF /* WalkFriends.entitlements */ = {isa = PBXFileReference; lastKnownFileType = text.plist.entitlements; path = WalkFriends.entitlements; sourceTree = "<group>"; };
		B08ED1FE2A3067A000B29112 /* UserProfileData.swift */ = {isa = PBXFileReference; lastKnownFileType = sourcecode.swift; path = UserProfileData.swift; sourceTree = "<group>"; };
		B090808829DEB86700DDAEBC /* ShareInfoView.swift */ = {isa = PBXFileReference; lastKnownFileType = sourcecode.swift; path = ShareInfoView.swift; sourceTree = "<group>"; };
		B090808A29DECC6400DDAEBC /* PhotoListCell.swift */ = {isa = PBXFileReference; lastKnownFileType = sourcecode.swift; path = PhotoListCell.swift; sourceTree = "<group>"; };
		B090808B29DECC6400DDAEBC /* PhotoListCell.xib */ = {isa = PBXFileReference; lastKnownFileType = file.xib; path = PhotoListCell.xib; sourceTree = "<group>"; };
		B0909F0429EE24DA00CFE7B1 /* MapListDetailViewController.swift */ = {isa = PBXFileReference; lastKnownFileType = sourcecode.swift; path = MapListDetailViewController.swift; sourceTree = "<group>"; };
		B0909F0629EE254A00CFE7B1 /* MapListDetailViewModel.swift */ = {isa = PBXFileReference; lastKnownFileType = sourcecode.swift; path = MapListDetailViewModel.swift; sourceTree = "<group>"; };
		B0909F0829EE26B800CFE7B1 /* MapListDetailCoordinator.swift */ = {isa = PBXFileReference; lastKnownFileType = sourcecode.swift; path = MapListDetailCoordinator.swift; sourceTree = "<group>"; };
		B0936E692A20A8EB00EB03A5 /* UserLoginModel.swift */ = {isa = PBXFileReference; lastKnownFileType = sourcecode.swift; path = UserLoginModel.swift; sourceTree = "<group>"; };
		B097425029CC2C76002AD53A /* RunViewModel.swift */ = {isa = PBXFileReference; lastKnownFileType = sourcecode.swift; path = RunViewModel.swift; sourceTree = "<group>"; };
		B09DC7802990DBF2008558EA /* WalkFriends.app */ = {isa = PBXFileReference; explicitFileType = wrapper.application; includeInIndex = 0; path = WalkFriends.app; sourceTree = BUILT_PRODUCTS_DIR; };
		B09DC7832990DBF2008558EA /* AppDelegate.swift */ = {isa = PBXFileReference; lastKnownFileType = sourcecode.swift; path = AppDelegate.swift; sourceTree = "<group>"; };
		B09DC7852990DBF2008558EA /* SceneDelegate.swift */ = {isa = PBXFileReference; lastKnownFileType = sourcecode.swift; path = SceneDelegate.swift; sourceTree = "<group>"; };
		B09DC78C2990DBF6008558EA /* Assets.xcassets */ = {isa = PBXFileReference; lastKnownFileType = folder.assetcatalog; path = Assets.xcassets; sourceTree = "<group>"; };
		B09DC78F2990DBF6008558EA /* Base */ = {isa = PBXFileReference; lastKnownFileType = file.storyboard; name = Base; path = Base.lproj/LaunchScreen.storyboard; sourceTree = "<group>"; };
		B09DC7912990DBF6008558EA /* Info.plist */ = {isa = PBXFileReference; lastKnownFileType = text.plist.xml; path = Info.plist; sourceTree = "<group>"; };
		B09DC7982990DD7D008558EA /* AppCoordinator.swift */ = {isa = PBXFileReference; lastKnownFileType = sourcecode.swift; path = AppCoordinator.swift; sourceTree = "<group>"; };
		B09DC79A2990DEA2008558EA /* TabBarCoordinator.swift */ = {isa = PBXFileReference; lastKnownFileType = sourcecode.swift; path = TabBarCoordinator.swift; sourceTree = "<group>"; };
		B09DC7A12990E21A008558EA /* LoginViewController.swift */ = {isa = PBXFileReference; lastKnownFileType = sourcecode.swift; path = LoginViewController.swift; sourceTree = "<group>"; };
		B09DC7A32990E29F008558EA /* LoginCoordinator.swift */ = {isa = PBXFileReference; lastKnownFileType = sourcecode.swift; path = LoginCoordinator.swift; sourceTree = "<group>"; };
		B09DC7A92990EC50008558EA /* UITextField.swift */ = {isa = PBXFileReference; lastKnownFileType = sourcecode.swift; path = UITextField.swift; sourceTree = "<group>"; };
		B09DC7AB2990F3E6008558EA /* RegisterViewController.swift */ = {isa = PBXFileReference; lastKnownFileType = sourcecode.swift; path = RegisterViewController.swift; sourceTree = "<group>"; };
		B09DC7AD2990FFAF008558EA /* CALayer.swift */ = {isa = PBXFileReference; lastKnownFileType = sourcecode.swift; path = CALayer.swift; sourceTree = "<group>"; };
		B09DC7B029910D93008558EA /* CustomTextField.swift */ = {isa = PBXFileReference; lastKnownFileType = sourcecode.swift; path = CustomTextField.swift; sourceTree = "<group>"; };
		B0A2D38D29BB08F000B6412F /* SetupProfileViewController.swift */ = {isa = PBXFileReference; lastKnownFileType = sourcecode.swift; path = SetupProfileViewController.swift; sourceTree = "<group>"; };
		B0B5DD1C2A5D37FB00570119 /* AppSceneDIContainer.swift */ = {isa = PBXFileReference; lastKnownFileType = sourcecode.swift; path = AppSceneDIContainer.swift; sourceTree = "<group>"; };
		B0C273B7299B6B92005B3AAD /* HomeViewController.swift */ = {isa = PBXFileReference; lastKnownFileType = sourcecode.swift; path = HomeViewController.swift; sourceTree = "<group>"; };
		B0C273B9299B6BAC005B3AAD /* RunViewController.swift */ = {isa = PBXFileReference; lastKnownFileType = sourcecode.swift; path = RunViewController.swift; sourceTree = "<group>"; };
		B0C273BD299B6BC2005B3AAD /* InfoViewController.swift */ = {isa = PBXFileReference; lastKnownFileType = sourcecode.swift; path = InfoViewController.swift; sourceTree = "<group>"; };
		B0C3BF5C29DC09A700471D60 /* ShareInfoViewModel.swift */ = {isa = PBXFileReference; lastKnownFileType = sourcecode.swift; path = ShareInfoViewModel.swift; sourceTree = "<group>"; };
		B0C56F2929921412004E83B8 /* GoogleService-Info.plist */ = {isa = PBXFileReference; fileEncoding = 4; lastKnownFileType = text.plist.xml; path = "GoogleService-Info.plist"; sourceTree = "<group>"; };
		B0C56F2C2992208C004E83B8 /* DatabaseManager.swift */ = {isa = PBXFileReference; lastKnownFileType = sourcecode.swift; path = DatabaseManager.swift; sourceTree = "<group>"; };
		B0C56F2E29922094004E83B8 /* StorageManager.swift */ = {isa = PBXFileReference; lastKnownFileType = sourcecode.swift; path = StorageManager.swift; sourceTree = "<group>"; };
		B0C56F3029922321004E83B8 /* RegisterViewModel.swift */ = {isa = PBXFileReference; lastKnownFileType = sourcecode.swift; path = RegisterViewModel.swift; sourceTree = "<group>"; };
		B0C56F322992232D004E83B8 /* LoginViewModel.swift */ = {isa = PBXFileReference; lastKnownFileType = sourcecode.swift; path = LoginViewModel.swift; sourceTree = "<group>"; };
		B0C56F3529922D26004E83B8 /* EmailConfirmViewController.swift */ = {isa = PBXFileReference; lastKnownFileType = sourcecode.swift; path = EmailConfirmViewController.swift; sourceTree = "<group>"; };
		B0C56F3729924443004E83B8 /* String.swift */ = {isa = PBXFileReference; lastKnownFileType = sourcecode.swift; path = String.swift; sourceTree = "<group>"; };
		B0C56F39299244D4004E83B8 /* EmailConfirmViewModel.swift */ = {isa = PBXFileReference; lastKnownFileType = sourcecode.swift; path = EmailConfirmViewModel.swift; sourceTree = "<group>"; };
		B69A27509896D10B1710869E /* Pods_WalkFriends.framework */ = {isa = PBXFileReference; explicitFileType = wrapper.framework; includeInIndex = 0; path = Pods_WalkFriends.framework; sourceTree = BUILT_PRODUCTS_DIR; };
		D4B9BED1A6433E210673E4C4 /* Pods-WalkFriends.debug.xcconfig */ = {isa = PBXFileReference; includeInIndex = 1; lastKnownFileType = text.xcconfig; name = "Pods-WalkFriends.debug.xcconfig"; path = "Target Support Files/Pods-WalkFriends/Pods-WalkFriends.debug.xcconfig"; sourceTree = "<group>"; };
/* End PBXFileReference section */

/* Begin PBXFrameworksBuildPhase section */
		B09DC77D2990DBF2008558EA /* Frameworks */ = {
			isa = PBXFrameworksBuildPhase;
			buildActionMask = 2147483647;
			files = (
				DE1D946785BD77890688D2B7 /* Pods_WalkFriends.framework in Frameworks */,
			);
			runOnlyForDeploymentPostprocessing = 0;
		};
/* End PBXFrameworksBuildPhase section */

/* Begin PBXGroup section */
		1FCD9CE7A48E710C4C5DAF02 /* Frameworks */ = {
			isa = PBXGroup;
			children = (
				B69A27509896D10B1710869E /* Pods_WalkFriends.framework */,
			);
			name = Frameworks;
			sourceTree = "<group>";
		};
		B00AADB129B9EF5D008053B6 /* Repositories */ = {
			isa = PBXGroup;
			children = (
				B00AADB229B9EF77008053B6 /* DatabaseRepository.swift */,
				B0596AF72A37FAD000BDD8EA /* StorageRepository.swift */,
			);
			path = Repositories;
			sourceTree = "<group>";
		};
		B014403029E00B6B000E4EB3 /* FirebaseService */ = {
			isa = PBXGroup;
			children = (
				B07391562993601000903C1F /* FirebaseService.swift */,
			);
			path = FirebaseService;
			sourceTree = "<group>";
		};
		B02828D829E93ED4008B22CF /* MapListCoordinator */ = {
			isa = PBXGroup;
			children = (
				B02828D929E93EF4008B22CF /* MapListCoordinator.swift */,
				B0909F0829EE26B800CFE7B1 /* MapListDetailCoordinator.swift */,
			);
			path = MapListCoordinator;
			sourceTree = "<group>";
		};
		B02828DB29E93F53008B22CF /* MapListViewModel */ = {
			isa = PBXGroup;
			children = (
				B02828DF29E93FC6008B22CF /* MapListViewModel.swift */,
				B0909F0629EE254A00CFE7B1 /* MapListDetailViewModel.swift */,
			);
			path = MapListViewModel;
			sourceTree = "<group>";
		};
		B02828DC29E93F70008B22CF /* MapList */ = {
			isa = PBXGroup;
			children = (
				B02828DD29E93F8E008B22CF /* MapListViewController.swift */,
				B0909F0429EE24DA00CFE7B1 /* MapListDetailViewController.swift */,
				B042CC382A9F2C9800E1672A /* MapDetail */,
				B02828E129E941F4008B22CF /* Cell */,
			);
			path = MapList;
			sourceTree = "<group>";
		};
		B02828E129E941F4008B22CF /* Cell */ = {
			isa = PBXGroup;
			children = (
				B062D8072A0B6451005C9FD3 /* MapListDetailViewCell.swift */,
				B062D8082A0B6451005C9FD3 /* MapListDetailViewCell.xib */,
			);
			path = Cell;
			sourceTree = "<group>";
		};
		B02828E629E943B9008B22CF /* InfoViewModel */ = {
			isa = PBXGroup;
			children = (
				B08531D729B8ADAF00209127 /* InfoViewModel.swift */,
			);
			path = InfoViewModel;
			sourceTree = "<group>";
		};
		B034D94A29E14E2F00B90AB2 /* LoginCoordinator */ = {
			isa = PBXGroup;
			children = (
				B09DC7A32990E29F008558EA /* LoginCoordinator.swift */,
				B034D94B29E1568700B90AB2 /* RegisterCoordinator.swift */,
				B03310232A0E61020081528D /* EmailCoordinator.swift */,
			);
			path = LoginCoordinator;
			sourceTree = "<group>";
		};
		B034D94D29E1583500B90AB2 /* LoginViewModel */ = {
			isa = PBXGroup;
			children = (
				B0C56F322992232D004E83B8 /* LoginViewModel.swift */,
				B0C56F3029922321004E83B8 /* RegisterViewModel.swift */,
				B0C56F39299244D4004E83B8 /* EmailConfirmViewModel.swift */,
			);
			path = LoginViewModel;
			sourceTree = "<group>";
		};
		B03D99782A52BF70007C0C13 /* Launch */ = {
			isa = PBXGroup;
			children = (
				B03D99762A52BF45007C0C13 /* LaunchViewController.swift */,
				B042BA582A539F20004555AA /* LocationViewController.swift */,
			);
			name = Launch;
			sourceTree = "<group>";
		};
		B03D99792A52C1B2007C0C13 /* LauchCoordinator */ = {
			isa = PBXGroup;
			children = (
				B03D997A2A52C202007C0C13 /* LaunchCoordinator.swift */,
			);
			path = LauchCoordinator;
			sourceTree = "<group>";
		};
		B042CC382A9F2C9800E1672A /* MapDetail */ = {
			isa = PBXGroup;
			children = (
				B042CC392A9F2CAF00E1672A /* MapDetailView.swift */,
			);
			path = MapDetail;
			sourceTree = "<group>";
		};
		B0483D0029D6BC74001941C1 /* RunViewModel */ = {
			isa = PBXGroup;
			children = (
				B097425029CC2C76002AD53A /* RunViewModel.swift */,
				B0C3BF5C29DC09A700471D60 /* ShareInfoViewModel.swift */,
			);
			path = RunViewModel;
			sourceTree = "<group>";
		};
		B04CDE1C2A5BF51000EAB8FC /* Application */ = {
			isa = PBXGroup;
			children = (
				B09DC7832990DBF2008558EA /* AppDelegate.swift */,
				B04CDE1D2A5BF87200EAB8FC /* AppAppearance.swift */,
				B09DC7852990DBF2008558EA /* SceneDelegate.swift */,
				B09DC7972990DC95008558EA /* Coordinator */,
			);
			path = Application;
			sourceTree = "<group>";
		};
		B0596AF62A37FA4800BDD8EA /* Interfaces */ = {
			isa = PBXGroup;
			children = (
				B00AADB129B9EF5D008053B6 /* Repositories */,
			);
			path = Interfaces;
			sourceTree = "<group>";
		};
		B05D894529DC07B00032BB4F /* Cell */ = {
			isa = PBXGroup;
			children = (
				B090808A29DECC6400DDAEBC /* PhotoListCell.swift */,
				B090808B29DECC6400DDAEBC /* PhotoListCell.xib */,
			);
			path = Cell;
			sourceTree = "<group>";
		};
		B065C41F29CAF3E3005AC8E2 /* Home */ = {
			isa = PBXGroup;
			children = (
				B0C273B7299B6B92005B3AAD /* HomeViewController.swift */,
				B04022BC2A56510B00647431 /* MapListView.swift */,
				B065C42429CB3424005AC8E2 /* HomeListView.swift */,
				B097680E29E3D78B00B48405 /* Cell */,
				B0A2D38C29BB08C700B6412F /* SetupProfile */,
			);
			path = Home;
			sourceTree = "<group>";
		};
		B06E9FBD2A03770300512F49 /* Network */ = {
			isa = PBXGroup;
			children = (
				B06E9FBE2A039C2D00512F49 /* NetworkService.swift */,
			);
			path = Network;
			sourceTree = "<group>";
		};
		B072878B29A88BA200E8A085 /* Utils */ = {
			isa = PBXGroup;
			children = (
				B072878C29A88BAC00E8A085 /* UserInfo.swift */,
			);
			path = Utils;
			sourceTree = "<group>";
		};
		B076C6CB299CC1C400EFDA7F /* MainViewModel */ = {
			isa = PBXGroup;
			children = (
				B0A2D38929BB017000B6412F /* HomeViewModel */,
				B0483D0029D6BC74001941C1 /* RunViewModel */,
				B02828DB29E93F53008B22CF /* MapListViewModel */,
				B02828E629E943B9008B22CF /* InfoViewModel */,
			);
			path = MainViewModel;
			sourceTree = "<group>";
		};
		B07971B829B1CEFF0038BE9D /* Presentation */ = {
			isa = PBXGroup;
			children = (
				B09DC79C2990DEE3008558EA /* ViewModels */,
				B09DC79E2990DEFB008558EA /* Controllers */,
			);
			path = Presentation;
			sourceTree = "<group>";
		};
		B07971B929B1CF5B0038BE9D /* Data */ = {
			isa = PBXGroup;
			children = (
				B06E9FBD2A03770300512F49 /* Network */,
				B07971BA29B1CFD20038BE9D /* Storage */,
				B0C56F2B29922079004E83B8 /* Database */,
				B014403029E00B6B000E4EB3 /* FirebaseService */,
			);
			path = Data;
			sourceTree = "<group>";
		};
		B07971BA29B1CFD20038BE9D /* Storage */ = {
			isa = PBXGroup;
			children = (
				B0C56F2E29922094004E83B8 /* StorageManager.swift */,
			);
			path = Storage;
			sourceTree = "<group>";
		};
		B07971BB29B1D0AA0038BE9D /* Domain */ = {
			isa = PBXGroup;
			children = (
				B07971BC29B1D0C20038BE9D /* UseCase */,
				B09DC79D2990DEF4008558EA /* Entities */,
				B0596AF62A37FA4800BDD8EA /* Interfaces */,
			);
			path = Domain;
			sourceTree = "<group>";
		};
		B07971BC29B1D0C20038BE9D /* UseCase */ = {
			isa = PBXGroup;
			children = (
				B07971BD29B1D1AB0038BE9D /* DefaultUseCase.swift */,
				B07971BF29B1D1F00038BE9D /* Protocol */,
			);
			path = UseCase;
			sourceTree = "<group>";
		};
		B07971BF29B1D1F00038BE9D /* Protocol */ = {
			isa = PBXGroup;
			children = (
				B07971C029B1D1FA0038BE9D /* UseCase.swift */,
			);
			path = Protocol;
			sourceTree = "<group>";
		};
		B08531C829B87EFD00209127 /* RunCoordinator */ = {
			isa = PBXGroup;
			children = (
				B08531CD29B87F9E00209127 /* RunCoordinator.swift */,
				B0483D0129D6BCAC001941C1 /* ShareInfoCoordinator.swift */,
			);
			path = RunCoordinator;
			sourceTree = "<group>";
		};
		B08531CA29B87F3700209127 /* HomeCoordinator */ = {
			isa = PBXGroup;
			children = (
				B08531D129B87FAF00209127 /* HomeCoordinator.swift */,
				B07DDB6E29BF1C860012F26A /* SetupProfileCoordinator.swift */,
			);
			path = HomeCoordinator;
			sourceTree = "<group>";
		};
		B08531CC29B87F4500209127 /* InfoCoordinator */ = {
			isa = PBXGroup;
			children = (
				B08531D529B87FBF00209127 /* InfoCoordinator.swift */,
			);
			path = InfoCoordinator;
			sourceTree = "<group>";
		};
		B085AE8429DD733C00368FE3 /* ShareInfo */ = {
			isa = PBXGroup;
			children = (
				B090808829DEB86700DDAEBC /* ShareInfoView.swift */,
			);
			path = ShareInfo;
			sourceTree = "<group>";
		};
		B0936E6B2A20A8F300EB03A5 /* Model */ = {
			isa = PBXGroup;
			children = (
				B0936E692A20A8EB00EB03A5 /* UserLoginModel.swift */,
				B08ED1FE2A3067A000B29112 /* UserProfileData.swift */,
			);
			path = Model;
			sourceTree = "<group>";
		};
		B097424F29CC2C24002AD53A /* Run */ = {
			isa = PBXGroup;
			children = (
				B0C273B9299B6BAC005B3AAD /* RunViewController.swift */,
				B0483CFE29D6BC4E001941C1 /* ShareInfoViewController.swift */,
				B085AE8429DD733C00368FE3 /* ShareInfo */,
				B05D894529DC07B00032BB4F /* Cell */,
			);
			path = Run;
			sourceTree = "<group>";
		};
		B097680D29E3D6D600B48405 /* Login */ = {
			isa = PBXGroup;
			children = (
				B09DC7A12990E21A008558EA /* LoginViewController.swift */,
				B09DC7AB2990F3E6008558EA /* RegisterViewController.swift */,
				B0C56F3429922CCD004E83B8 /* Popup */,
			);
			path = Login;
			sourceTree = "<group>";
		};
		B097680E29E3D78B00B48405 /* Cell */ = {
			isa = PBXGroup;
			children = (
				B065C42629CB5C5B005AC8E2 /* HomeListCell.swift */,
				B065C42729CB5C5B005AC8E2 /* HomeListCell.xib */,
				B04022BE2A56515B00647431 /* MapListViewCell.swift */,
				B04022BF2A56515B00647431 /* MapListViewCell.xib */,
			);
			path = Cell;
			sourceTree = "<group>";
		};
		B09DC7772990DBF2008558EA = {
			isa = PBXGroup;
			children = (
				B09DC7822990DBF2008558EA /* WalkFriends */,
				B09DC7812990DBF2008558EA /* Products */,
				DFC1E7CBCB9E9E23A859086E /* Pods */,
				1FCD9CE7A48E710C4C5DAF02 /* Frameworks */,
			);
			sourceTree = "<group>";
		};
		B09DC7812990DBF2008558EA /* Products */ = {
			isa = PBXGroup;
			children = (
				B09DC7802990DBF2008558EA /* WalkFriends.app */,
			);
			name = Products;
			sourceTree = "<group>";
		};
		B09DC7822990DBF2008558EA /* WalkFriends */ = {
			isa = PBXGroup;
			children = (
				B089273A2A495874003036BF /* WalkFriends.entitlements */,
				B04CDE1C2A5BF51000EAB8FC /* Application */,
				B09DC7AF29910D71008558EA /* CustomView */,
				B07971B829B1CEFF0038BE9D /* Presentation */,
				B07971BB29B1D0AA0038BE9D /* Domain */,
				B07971B929B1CF5B0038BE9D /* Data */,
				B072878B29A88BA200E8A085 /* Utils */,
				B09DC7A82990EC46008558EA /* Extensions */,
				B0C56F2929921412004E83B8 /* GoogleService-Info.plist */,
				B09DC78C2990DBF6008558EA /* Assets.xcassets */,
				B09DC78E2990DBF6008558EA /* LaunchScreen.storyboard */,
				B09DC7912990DBF6008558EA /* Info.plist */,
				B09DC7A52990E9D1008558EA /* Fonts */,
			);
			path = WalkFriends;
			sourceTree = "<group>";
		};
		B09DC7972990DC95008558EA /* Coordinator */ = {
			isa = PBXGroup;
			children = (
				B09DC7982990DD7D008558EA /* AppCoordinator.swift */,
				B0B5DD1B2A5D37D500570119 /* AppSceneDIContainer */,
				B03D99792A52C1B2007C0C13 /* LauchCoordinator */,
				B034D94A29E14E2F00B90AB2 /* LoginCoordinator */,
				B08531CA29B87F3700209127 /* HomeCoordinator */,
				B09DC79A2990DEA2008558EA /* TabBarCoordinator.swift */,
				B02828D829E93ED4008B22CF /* MapListCoordinator */,
				B08531C829B87EFD00209127 /* RunCoordinator */,
				B08531CC29B87F4500209127 /* InfoCoordinator */,
			);
			path = Coordinator;
			sourceTree = "<group>";
		};
		B09DC79C2990DEE3008558EA /* ViewModels */ = {
			isa = PBXGroup;
			children = (
				B06B456C29C4347200B0AED2 /* ViewModel.swift */,
				B034D94D29E1583500B90AB2 /* LoginViewModel */,
				B076C6CB299CC1C400EFDA7F /* MainViewModel */,
			);
			path = ViewModels;
			sourceTree = "<group>";
		};
		B09DC79D2990DEF4008558EA /* Entities */ = {
			isa = PBXGroup;
			children = (
				B076311F29E6A050009B39C0 /* UserMap.swift */,
				B02828E729E94400008B22CF /* MapList.swift */,
				B076C6C9299CACBD00EFDA7F /* UserProfile.swift */,
			);
			path = Entities;
			sourceTree = "<group>";
		};
		B09DC79E2990DEFB008558EA /* Controllers */ = {
			isa = PBXGroup;
			children = (
				B0936E6B2A20A8F300EB03A5 /* Model */,
				B0C273B6299B6B7C005B3AAD /* ViewControllers */,
			);
			path = Controllers;
			sourceTree = "<group>";
		};
		B09DC7A52990E9D1008558EA /* Fonts */ = {
			isa = PBXGroup;
			children = (
				B028F7422A409D8D002C4B3F /* PartyConfettiRegular-eZOn3.ttf */,
				B031A1BE2991F73800C51B5A /* Letters for Learners.ttf */,
			);
			path = Fonts;
			sourceTree = "<group>";
		};
		B09DC7A82990EC46008558EA /* Extensions */ = {
			isa = PBXGroup;
			children = (
				B076311D29E671DB009B39C0 /* CLPlacemark.swift */,
				B09DC7A92990EC50008558EA /* UITextField.swift */,
				B09DC7AD2990FFAF008558EA /* CALayer.swift */,
				B0C56F3729924443004E83B8 /* String.swift */,
				B076312129E6A84A009B39C0 /* UIImage.swift */,
				B02828D629E93BA0008B22CF /* Date.swift */,
				B05B7F6629ED02F100685D6F /* Reactive.swift */,
				B05C3D9B2A176F8C00D23AB7 /* UIViewController.swift */,
				B03C84242A4EC5B100DE2F0A /* UIColor.swift */,
				B04022C22A56634700647431 /* Int.swift */,
				B04483482A613590004DC9E0 /* Rx+UIViewController.swift */,
				B045DA3A2A9C5DDD003F6662 /* CATransition.swift */,
			);
			path = Extensions;
			sourceTree = "<group>";
		};
		B09DC7AF29910D71008558EA /* CustomView */ = {
			isa = PBXGroup;
			children = (
				B09DC7B029910D93008558EA /* CustomTextField.swift */,
				B0638BA0299FCFBA001776F5 /* CustomLabelView.swift */,
				B03AFD932A778D7600B6DEF8 /* Line.swift */,
			);
			path = CustomView;
			sourceTree = "<group>";
		};
		B0A2D38929BB017000B6412F /* HomeViewModel */ = {
			isa = PBXGroup;
			children = (
				B076C6CC299CC1CF00EFDA7F /* HomeViewModel.swift */,
				B07DDB6C29BF1BB50012F26A /* SetupProfileViewModel.swift */,
			);
			path = HomeViewModel;
			sourceTree = "<group>";
		};
		B0A2D38C29BB08C700B6412F /* SetupProfile */ = {
			isa = PBXGroup;
			children = (
				B0A2D38D29BB08F000B6412F /* SetupProfileViewController.swift */,
			);
			path = SetupProfile;
			sourceTree = "<group>";
		};
		B0B5DD1B2A5D37D500570119 /* AppSceneDIContainer */ = {
			isa = PBXGroup;
			children = (
				B0B5DD1C2A5D37FB00570119 /* AppSceneDIContainer.swift */,
			);
			path = AppSceneDIContainer;
			sourceTree = "<group>";
		};
		B0C273B6299B6B7C005B3AAD /* ViewControllers */ = {
			isa = PBXGroup;
			children = (
				B03D99782A52BF70007C0C13 /* Launch */,
				B097680D29E3D6D600B48405 /* Login */,
				B065C41F29CAF3E3005AC8E2 /* Home */,
				B097424F29CC2C24002AD53A /* Run */,
				B02828DC29E93F70008B22CF /* MapList */,
				B0C273BD299B6BC2005B3AAD /* InfoViewController.swift */,
			);
			path = ViewControllers;
			sourceTree = "<group>";
		};
		B0C56F2B29922079004E83B8 /* Database */ = {
			isa = PBXGroup;
			children = (
				B0C56F2C2992208C004E83B8 /* DatabaseManager.swift */,
			);
			path = Database;
			sourceTree = "<group>";
		};
		B0C56F3429922CCD004E83B8 /* Popup */ = {
			isa = PBXGroup;
			children = (
				B0C56F3529922D26004E83B8 /* EmailConfirmViewController.swift */,
			);
			path = Popup;
			sourceTree = "<group>";
		};
		DFC1E7CBCB9E9E23A859086E /* Pods */ = {
			isa = PBXGroup;
			children = (
				D4B9BED1A6433E210673E4C4 /* Pods-WalkFriends.debug.xcconfig */,
				40B8E93FFDC9EEFF8BC55A5E /* Pods-WalkFriends.release.xcconfig */,
			);
			path = Pods;
			sourceTree = "<group>";
		};
/* End PBXGroup section */

/* Begin PBXNativeTarget section */
		B09DC77F2990DBF2008558EA /* WalkFriends */ = {
			isa = PBXNativeTarget;
			buildConfigurationList = B09DC7942990DBF6008558EA /* Build configuration list for PBXNativeTarget "WalkFriends" */;
			buildPhases = (
				B7E69CA3563D85BFBDC8E852 /* [CP] Check Pods Manifest.lock */,
				B09DC77C2990DBF2008558EA /* Sources */,
				B09DC77D2990DBF2008558EA /* Frameworks */,
				B09DC77E2990DBF2008558EA /* Resources */,
				1DB57D4D6D138D6F2F3469FD /* [CP] Embed Pods Frameworks */,
			);
			buildRules = (
			);
			dependencies = (
			);
			name = WalkFriends;
			productName = WalkFriends;
			productReference = B09DC7802990DBF2008558EA /* WalkFriends.app */;
			productType = "com.apple.product-type.application";
		};
/* End PBXNativeTarget section */

/* Begin PBXProject section */
		B09DC7782990DBF2008558EA /* Project object */ = {
			isa = PBXProject;
			attributes = {
				BuildIndependentTargetsInParallel = 1;
				LastSwiftUpdateCheck = 1420;
				LastUpgradeCheck = 1420;
				TargetAttributes = {
					B09DC77F2990DBF2008558EA = {
						CreatedOnToolsVersion = 14.2;
					};
				};
			};
			buildConfigurationList = B09DC77B2990DBF2008558EA /* Build configuration list for PBXProject "WalkFriends" */;
			compatibilityVersion = "Xcode 14.0";
			developmentRegion = en;
			hasScannedForEncodings = 0;
			knownRegions = (
				en,
				Base,
			);
			mainGroup = B09DC7772990DBF2008558EA;
			productRefGroup = B09DC7812990DBF2008558EA /* Products */;
			projectDirPath = "";
			projectRoot = "";
			targets = (
				B09DC77F2990DBF2008558EA /* WalkFriends */,
			);
		};
/* End PBXProject section */

/* Begin PBXResourcesBuildPhase section */
		B09DC77E2990DBF2008558EA /* Resources */ = {
			isa = PBXResourcesBuildPhase;
			buildActionMask = 2147483647;
			files = (
				B090808D29DECC6400DDAEBC /* PhotoListCell.xib in Resources */,
				B09DC7902990DBF6008558EA /* LaunchScreen.storyboard in Resources */,
				B031A1BF2991F73800C51B5A /* Letters for Learners.ttf in Resources */,
				B09DC78D2990DBF6008558EA /* Assets.xcassets in Resources */,
				B028F7432A409D8E002C4B3F /* PartyConfettiRegular-eZOn3.ttf in Resources */,
				B04022C12A56515B00647431 /* MapListViewCell.xib in Resources */,
				B065C42929CB5C5B005AC8E2 /* HomeListCell.xib in Resources */,
				B0C56F2A29921413004E83B8 /* GoogleService-Info.plist in Resources */,
				B062D80A2A0B6451005C9FD3 /* MapListDetailViewCell.xib in Resources */,
			);
			runOnlyForDeploymentPostprocessing = 0;
		};
/* End PBXResourcesBuildPhase section */

/* Begin PBXShellScriptBuildPhase section */
		1DB57D4D6D138D6F2F3469FD /* [CP] Embed Pods Frameworks */ = {
			isa = PBXShellScriptBuildPhase;
			buildActionMask = 2147483647;
			files = (
			);
			inputFileListPaths = (
				"${PODS_ROOT}/Target Support Files/Pods-WalkFriends/Pods-WalkFriends-frameworks-${CONFIGURATION}-input-files.xcfilelist",
			);
			name = "[CP] Embed Pods Frameworks";
			outputFileListPaths = (
				"${PODS_ROOT}/Target Support Files/Pods-WalkFriends/Pods-WalkFriends-frameworks-${CONFIGURATION}-output-files.xcfilelist",
			);
			runOnlyForDeploymentPostprocessing = 0;
			shellPath = /bin/sh;
			shellScript = "\"${PODS_ROOT}/Target Support Files/Pods-WalkFriends/Pods-WalkFriends-frameworks.sh\"\n";
			showEnvVarsInLog = 0;
		};
		B7E69CA3563D85BFBDC8E852 /* [CP] Check Pods Manifest.lock */ = {
			isa = PBXShellScriptBuildPhase;
			buildActionMask = 2147483647;
			files = (
			);
			inputFileListPaths = (
			);
			inputPaths = (
				"${PODS_PODFILE_DIR_PATH}/Podfile.lock",
				"${PODS_ROOT}/Manifest.lock",
			);
			name = "[CP] Check Pods Manifest.lock";
			outputFileListPaths = (
			);
			outputPaths = (
				"$(DERIVED_FILE_DIR)/Pods-WalkFriends-checkManifestLockResult.txt",
			);
			runOnlyForDeploymentPostprocessing = 0;
			shellPath = /bin/sh;
			shellScript = "diff \"${PODS_PODFILE_DIR_PATH}/Podfile.lock\" \"${PODS_ROOT}/Manifest.lock\" > /dev/null\nif [ $? != 0 ] ; then\n    # print error to STDERR\n    echo \"error: The sandbox is not in sync with the Podfile.lock. Run 'pod install' or update your CocoaPods installation.\" >&2\n    exit 1\nfi\n# This output is used by Xcode 'outputs' to avoid re-running this script phase.\necho \"SUCCESS\" > \"${SCRIPT_OUTPUT_FILE_0}\"\n";
			showEnvVarsInLog = 0;
		};
/* End PBXShellScriptBuildPhase section */

/* Begin PBXSourcesBuildPhase section */
		B09DC77C2990DBF2008558EA /* Sources */ = {
			isa = PBXSourcesBuildPhase;
			buildActionMask = 2147483647;
			files = (
				B0909F0529EE24DA00CFE7B1 /* MapListDetailViewController.swift in Sources */,
				B02828DE29E93F8E008B22CF /* MapListViewController.swift in Sources */,
				B04483492A613590004DC9E0 /* Rx+UIViewController.swift in Sources */,
				B07391572993601000903C1F /* FirebaseService.swift in Sources */,
				B04CDE1E2A5BF87200EAB8FC /* AppAppearance.swift in Sources */,
				B07971BE29B1D1AB0038BE9D /* DefaultUseCase.swift in Sources */,
				B0C56F3629922D26004E83B8 /* EmailConfirmViewController.swift in Sources */,
				B08531D629B87FBF00209127 /* InfoCoordinator.swift in Sources */,
				B09DC7AC2990F3E6008558EA /* RegisterViewController.swift in Sources */,
				B03C84252A4EC5B100DE2F0A /* UIColor.swift in Sources */,
				B09DC7B129910D93008558EA /* CustomTextField.swift in Sources */,
				B00AADB329B9EF77008053B6 /* DatabaseRepository.swift in Sources */,
				B09DC7A22990E21A008558EA /* LoginViewController.swift in Sources */,
				B0A2D38E29BB08F000B6412F /* SetupProfileViewController.swift in Sources */,
				B042BA592A539F20004555AA /* LocationViewController.swift in Sources */,
				B076312229E6A84A009B39C0 /* UIImage.swift in Sources */,
				B0C273B8299B6B92005B3AAD /* HomeViewController.swift in Sources */,
				B04022C32A56634700647431 /* Int.swift in Sources */,
				B034D94C29E1568700B90AB2 /* RegisterCoordinator.swift in Sources */,
				B0C3BF5D29DC09A700471D60 /* ShareInfoViewModel.swift in Sources */,
				B02828E829E94400008B22CF /* MapList.swift in Sources */,
				B065C42829CB5C5B005AC8E2 /* HomeListCell.swift in Sources */,
				B065C42529CB3424005AC8E2 /* HomeListView.swift in Sources */,
				B09DC7992990DD7D008558EA /* AppCoordinator.swift in Sources */,
				B0936E6A2A20A8EB00EB03A5 /* UserLoginModel.swift in Sources */,
				B097425129CC2C76002AD53A /* RunViewModel.swift in Sources */,
				B0909F0929EE26B800CFE7B1 /* MapListDetailCoordinator.swift in Sources */,
				B076312029E6A050009B39C0 /* UserMap.swift in Sources */,
				B072878D29A88BAC00E8A085 /* UserInfo.swift in Sources */,
				B03D99772A52BF45007C0C13 /* LaunchViewController.swift in Sources */,
				B09DC7A42990E29F008558EA /* LoginCoordinator.swift in Sources */,
				B06B456D29C4347300B0AED2 /* ViewModel.swift in Sources */,
				B08ED1FF2A3067A000B29112 /* UserProfileData.swift in Sources */,
				B09DC7AA2990EC50008558EA /* UITextField.swift in Sources */,
				B08531D229B87FAF00209127 /* HomeCoordinator.swift in Sources */,
				B07DDB6D29BF1BB50012F26A /* SetupProfileViewModel.swift in Sources */,
				B07DDB6F29BF1C860012F26A /* SetupProfileCoordinator.swift in Sources */,
				B02828DA29E93EF4008B22CF /* MapListCoordinator.swift in Sources */,
				B090808929DEB86700DDAEBC /* ShareInfoView.swift in Sources */,
				B09DC79B2990DEA2008558EA /* TabBarCoordinator.swift in Sources */,
				B09DC7842990DBF2008558EA /* AppDelegate.swift in Sources */,
				B0B5DD1D2A5D37FB00570119 /* AppSceneDIContainer.swift in Sources */,
				B08531CE29B87F9E00209127 /* RunCoordinator.swift in Sources */,
				B02828E029E93FC6008B22CF /* MapListViewModel.swift in Sources */,
				B076C6CA299CACBD00EFDA7F /* UserProfile.swift in Sources */,
				B08531D829B8ADAF00209127 /* InfoViewModel.swift in Sources */,
				B0C56F332992232D004E83B8 /* LoginViewModel.swift in Sources */,
				B06E9FBF2A039C2D00512F49 /* NetworkService.swift in Sources */,
				B0C56F3A299244D4004E83B8 /* EmailConfirmViewModel.swift in Sources */,
				B07971C129B1D1FA0038BE9D /* UseCase.swift in Sources */,
				B062D8092A0B6451005C9FD3 /* MapListDetailViewCell.swift in Sources */,
				B090808C29DECC6400DDAEBC /* PhotoListCell.swift in Sources */,
				B03310242A0E61020081528D /* EmailCoordinator.swift in Sources */,
				B0C56F2D2992208C004E83B8 /* DatabaseManager.swift in Sources */,
				B03AFD942A778D7600B6DEF8 /* Line.swift in Sources */,
				B0638BA1299FCFBA001776F5 /* CustomLabelView.swift in Sources */,
				B02828D729E93BA0008B22CF /* Date.swift in Sources */,
				B076C6CD299CC1CF00EFDA7F /* HomeViewModel.swift in Sources */,
				B03D997B2A52C202007C0C13 /* LaunchCoordinator.swift in Sources */,
				B0C56F3129922322004E83B8 /* RegisterViewModel.swift in Sources */,
				B09DC7862990DBF2008558EA /* SceneDelegate.swift in Sources */,
				B0483D0229D6BCAC001941C1 /* ShareInfoCoordinator.swift in Sources */,
				B0C56F3829924443004E83B8 /* String.swift in Sources */,
				B0483CFF29D6BC4E001941C1 /* ShareInfoViewController.swift in Sources */,
				B04022C02A56515B00647431 /* MapListViewCell.swift in Sources */,
				B05B7F6729ED02F100685D6F /* Reactive.swift in Sources */,
				B0909F0729EE254A00CFE7B1 /* MapListDetailViewModel.swift in Sources */,
				B09DC7AE2990FFAF008558EA /* CALayer.swift in Sources */,
				B042CC3A2A9F2CAF00E1672A /* MapDetailView.swift in Sources */,
				B045DA3B2A9C5DDD003F6662 /* CATransition.swift in Sources */,
				B0C273BA299B6BAC005B3AAD /* RunViewController.swift in Sources */,
				B05C3D9C2A176F8C00D23AB7 /* UIViewController.swift in Sources */,
				B04022BD2A56510B00647431 /* MapListView.swift in Sources */,
				B0C56F2F29922094004E83B8 /* StorageManager.swift in Sources */,
				B0596AF82A37FAD000BDD8EA /* StorageRepository.swift in Sources */,
				B0C273BE299B6BC2005B3AAD /* InfoViewController.swift in Sources */,
				B076311E29E671DB009B39C0 /* CLPlacemark.swift in Sources */,
			);
			runOnlyForDeploymentPostprocessing = 0;
		};
/* End PBXSourcesBuildPhase section */

/* Begin PBXVariantGroup section */
		B09DC78E2990DBF6008558EA /* LaunchScreen.storyboard */ = {
			isa = PBXVariantGroup;
			children = (
				B09DC78F2990DBF6008558EA /* Base */,
			);
			name = LaunchScreen.storyboard;
			sourceTree = "<group>";
		};
/* End PBXVariantGroup section */

/* Begin XCBuildConfiguration section */
		B09DC7922990DBF6008558EA /* Debug */ = {
			isa = XCBuildConfiguration;
			buildSettings = {
				ALWAYS_SEARCH_USER_PATHS = NO;
				CLANG_ANALYZER_NONNULL = YES;
				CLANG_ANALYZER_NUMBER_OBJECT_CONVERSION = YES_AGGRESSIVE;
				CLANG_CXX_LANGUAGE_STANDARD = "gnu++20";
				CLANG_ENABLE_MODULES = YES;
				CLANG_ENABLE_OBJC_ARC = YES;
				CLANG_ENABLE_OBJC_WEAK = YES;
				CLANG_WARN_BLOCK_CAPTURE_AUTORELEASING = YES;
				CLANG_WARN_BOOL_CONVERSION = YES;
				CLANG_WARN_COMMA = YES;
				CLANG_WARN_CONSTANT_CONVERSION = YES;
				CLANG_WARN_DEPRECATED_OBJC_IMPLEMENTATIONS = YES;
				CLANG_WARN_DIRECT_OBJC_ISA_USAGE = YES_ERROR;
				CLANG_WARN_DOCUMENTATION_COMMENTS = YES;
				CLANG_WARN_EMPTY_BODY = YES;
				CLANG_WARN_ENUM_CONVERSION = YES;
				CLANG_WARN_INFINITE_RECURSION = YES;
				CLANG_WARN_INT_CONVERSION = YES;
				CLANG_WARN_NON_LITERAL_NULL_CONVERSION = YES;
				CLANG_WARN_OBJC_IMPLICIT_RETAIN_SELF = YES;
				CLANG_WARN_OBJC_LITERAL_CONVERSION = YES;
				CLANG_WARN_OBJC_ROOT_CLASS = YES_ERROR;
				CLANG_WARN_QUOTED_INCLUDE_IN_FRAMEWORK_HEADER = YES;
				CLANG_WARN_RANGE_LOOP_ANALYSIS = YES;
				CLANG_WARN_STRICT_PROTOTYPES = YES;
				CLANG_WARN_SUSPICIOUS_MOVE = YES;
				CLANG_WARN_UNGUARDED_AVAILABILITY = YES_AGGRESSIVE;
				CLANG_WARN_UNREACHABLE_CODE = YES;
				CLANG_WARN__DUPLICATE_METHOD_MATCH = YES;
				COPY_PHASE_STRIP = NO;
				DEBUG_INFORMATION_FORMAT = dwarf;
				ENABLE_STRICT_OBJC_MSGSEND = YES;
				ENABLE_TESTABILITY = YES;
				GCC_C_LANGUAGE_STANDARD = gnu11;
				GCC_DYNAMIC_NO_PIC = NO;
				GCC_NO_COMMON_BLOCKS = YES;
				GCC_OPTIMIZATION_LEVEL = 0;
				GCC_PREPROCESSOR_DEFINITIONS = (
					"DEBUG=1",
					"$(inherited)",
				);
				GCC_WARN_64_TO_32_BIT_CONVERSION = YES;
				GCC_WARN_ABOUT_RETURN_TYPE = YES_ERROR;
				GCC_WARN_UNDECLARED_SELECTOR = YES;
				GCC_WARN_UNINITIALIZED_AUTOS = YES_AGGRESSIVE;
				GCC_WARN_UNUSED_FUNCTION = YES;
				GCC_WARN_UNUSED_VARIABLE = YES;
				IPHONEOS_DEPLOYMENT_TARGET = 16.2;
				MTL_ENABLE_DEBUG_INFO = INCLUDE_SOURCE;
				MTL_FAST_MATH = YES;
				ONLY_ACTIVE_ARCH = YES;
				SDKROOT = iphoneos;
				SWIFT_ACTIVE_COMPILATION_CONDITIONS = DEBUG;
				SWIFT_OPTIMIZATION_LEVEL = "-Onone";
			};
			name = Debug;
		};
		B09DC7932990DBF6008558EA /* Release */ = {
			isa = XCBuildConfiguration;
			buildSettings = {
				ALWAYS_SEARCH_USER_PATHS = NO;
				CLANG_ANALYZER_NONNULL = YES;
				CLANG_ANALYZER_NUMBER_OBJECT_CONVERSION = YES_AGGRESSIVE;
				CLANG_CXX_LANGUAGE_STANDARD = "gnu++20";
				CLANG_ENABLE_MODULES = YES;
				CLANG_ENABLE_OBJC_ARC = YES;
				CLANG_ENABLE_OBJC_WEAK = YES;
				CLANG_WARN_BLOCK_CAPTURE_AUTORELEASING = YES;
				CLANG_WARN_BOOL_CONVERSION = YES;
				CLANG_WARN_COMMA = YES;
				CLANG_WARN_CONSTANT_CONVERSION = YES;
				CLANG_WARN_DEPRECATED_OBJC_IMPLEMENTATIONS = YES;
				CLANG_WARN_DIRECT_OBJC_ISA_USAGE = YES_ERROR;
				CLANG_WARN_DOCUMENTATION_COMMENTS = YES;
				CLANG_WARN_EMPTY_BODY = YES;
				CLANG_WARN_ENUM_CONVERSION = YES;
				CLANG_WARN_INFINITE_RECURSION = YES;
				CLANG_WARN_INT_CONVERSION = YES;
				CLANG_WARN_NON_LITERAL_NULL_CONVERSION = YES;
				CLANG_WARN_OBJC_IMPLICIT_RETAIN_SELF = YES;
				CLANG_WARN_OBJC_LITERAL_CONVERSION = YES;
				CLANG_WARN_OBJC_ROOT_CLASS = YES_ERROR;
				CLANG_WARN_QUOTED_INCLUDE_IN_FRAMEWORK_HEADER = YES;
				CLANG_WARN_RANGE_LOOP_ANALYSIS = YES;
				CLANG_WARN_STRICT_PROTOTYPES = YES;
				CLANG_WARN_SUSPICIOUS_MOVE = YES;
				CLANG_WARN_UNGUARDED_AVAILABILITY = YES_AGGRESSIVE;
				CLANG_WARN_UNREACHABLE_CODE = YES;
				CLANG_WARN__DUPLICATE_METHOD_MATCH = YES;
				COPY_PHASE_STRIP = NO;
				DEBUG_INFORMATION_FORMAT = "dwarf-with-dsym";
				ENABLE_NS_ASSERTIONS = NO;
				ENABLE_STRICT_OBJC_MSGSEND = YES;
				GCC_C_LANGUAGE_STANDARD = gnu11;
				GCC_NO_COMMON_BLOCKS = YES;
				GCC_WARN_64_TO_32_BIT_CONVERSION = YES;
				GCC_WARN_ABOUT_RETURN_TYPE = YES_ERROR;
				GCC_WARN_UNDECLARED_SELECTOR = YES;
				GCC_WARN_UNINITIALIZED_AUTOS = YES_AGGRESSIVE;
				GCC_WARN_UNUSED_FUNCTION = YES;
				GCC_WARN_UNUSED_VARIABLE = YES;
				IPHONEOS_DEPLOYMENT_TARGET = 16.2;
				MTL_ENABLE_DEBUG_INFO = NO;
				MTL_FAST_MATH = YES;
				SDKROOT = iphoneos;
				SWIFT_COMPILATION_MODE = wholemodule;
				SWIFT_OPTIMIZATION_LEVEL = "-O";
				VALIDATE_PRODUCT = YES;
			};
			name = Release;
		};
		B09DC7952990DBF6008558EA /* Debug */ = {
			isa = XCBuildConfiguration;
			baseConfigurationReference = D4B9BED1A6433E210673E4C4 /* Pods-WalkFriends.debug.xcconfig */;
			buildSettings = {
				ASSETCATALOG_COMPILER_APPICON_NAME = AppIcon;
				ASSETCATALOG_COMPILER_GLOBAL_ACCENT_COLOR_NAME = AccentColor;
				CODE_SIGN_ENTITLEMENTS = WalkFriends/WalkFriends.entitlements;
				CODE_SIGN_STYLE = Automatic;
				CURRENT_PROJECT_VERSION = 1;
				DEVELOPMENT_TEAM = J2J2A4T2U9;
				GENERATE_INFOPLIST_FILE = YES;
				INFOPLIST_FILE = WalkFriends/Info.plist;
				INFOPLIST_KEY_LSApplicationCategoryType = "public.app-category.lifestyle";
				INFOPLIST_KEY_NSLocationWhenInUseUsageDescription = "프로그램을 실행하기 위해서 사용자 위치 권한이 필요합니다.";
				INFOPLIST_KEY_NSPhotoLibraryUsageDescription = "사진 접근을 위해 권한이 필요합니다.";
				INFOPLIST_KEY_UIApplicationSupportsIndirectInputEvents = YES;
				INFOPLIST_KEY_UILaunchStoryboardName = LaunchScreen;
				INFOPLIST_KEY_UIStatusBarStyle = UIStatusBarStyleDarkContent;
				INFOPLIST_KEY_UISupportedInterfaceOrientations = UIInterfaceOrientationPortrait;
				IPHONEOS_DEPLOYMENT_TARGET = 15.5;
				LD_RUNPATH_SEARCH_PATHS = (
					"$(inherited)",
					"@executable_path/Frameworks",
				);
				MARKETING_VERSION = 1.0;
				PRODUCT_BUNDLE_IDENTIFIER = "Dev-Ozzy.WalkFriends";
				PRODUCT_NAME = "$(TARGET_NAME)";
				SUPPORTED_PLATFORMS = "iphoneos iphonesimulator";
				SUPPORTS_MACCATALYST = NO;
				SUPPORTS_MAC_DESIGNED_FOR_IPHONE_IPAD = YES;
				SWIFT_EMIT_LOC_STRINGS = YES;
				SWIFT_VERSION = 5.0;
				TARGETED_DEVICE_FAMILY = 1;
			};
			name = Debug;
		};
		B09DC7962990DBF6008558EA /* Release */ = {
			isa = XCBuildConfiguration;
			baseConfigurationReference = 40B8E93FFDC9EEFF8BC55A5E /* Pods-WalkFriends.release.xcconfig */;
			buildSettings = {
				ASSETCATALOG_COMPILER_APPICON_NAME = AppIcon;
				ASSETCATALOG_COMPILER_GLOBAL_ACCENT_COLOR_NAME = AccentColor;
				CODE_SIGN_ENTITLEMENTS = WalkFriends/WalkFriends.entitlements;
				CODE_SIGN_STYLE = Automatic;
				CURRENT_PROJECT_VERSION = 1;
				DEVELOPMENT_TEAM = J2J2A4T2U9;
				GENERATE_INFOPLIST_FILE = YES;
				INFOPLIST_FILE = WalkFriends/Info.plist;
				INFOPLIST_KEY_LSApplicationCategoryType = "public.app-category.lifestyle";
				INFOPLIST_KEY_NSLocationWhenInUseUsageDescription = "프로그램을 실행하기 위해서 사용자 위치 권한이 필요합니다.";
				INFOPLIST_KEY_NSPhotoLibraryUsageDescription = "사진 접근을 위해 권한이 필요합니다.";
				INFOPLIST_KEY_UIApplicationSupportsIndirectInputEvents = YES;
				INFOPLIST_KEY_UILaunchStoryboardName = LaunchScreen;
				INFOPLIST_KEY_UIStatusBarStyle = UIStatusBarStyleDarkContent;
				INFOPLIST_KEY_UISupportedInterfaceOrientations = UIInterfaceOrientationPortrait;
				IPHONEOS_DEPLOYMENT_TARGET = 15.5;
				LD_RUNPATH_SEARCH_PATHS = (
					"$(inherited)",
					"@executable_path/Frameworks",
				);
				MARKETING_VERSION = 1.0;
				PRODUCT_BUNDLE_IDENTIFIER = "Dev-Ozzy.WalkFriends";
				PRODUCT_NAME = "$(TARGET_NAME)";
				SUPPORTED_PLATFORMS = "iphoneos iphonesimulator";
				SUPPORTS_MACCATALYST = NO;
				SUPPORTS_MAC_DESIGNED_FOR_IPHONE_IPAD = YES;
				SWIFT_EMIT_LOC_STRINGS = YES;
				SWIFT_VERSION = 5.0;
				TARGETED_DEVICE_FAMILY = 1;
			};
			name = Release;
		};
/* End XCBuildConfiguration section */

/* Begin XCConfigurationList section */
		B09DC77B2990DBF2008558EA /* Build configuration list for PBXProject "WalkFriends" */ = {
			isa = XCConfigurationList;
			buildConfigurations = (
				B09DC7922990DBF6008558EA /* Debug */,
				B09DC7932990DBF6008558EA /* Release */,
			);
			defaultConfigurationIsVisible = 0;
			defaultConfigurationName = Release;
		};
		B09DC7942990DBF6008558EA /* Build configuration list for PBXNativeTarget "WalkFriends" */ = {
			isa = XCConfigurationList;
			buildConfigurations = (
				B09DC7952990DBF6008558EA /* Debug */,
				B09DC7962990DBF6008558EA /* Release */,
			);
			defaultConfigurationIsVisible = 0;
			defaultConfigurationName = Release;
		};
/* End XCConfigurationList section */
	};
	rootObject = B09DC7782990DBF2008558EA /* Project object */;
}
